// !$*UTF8*$!
{
	archiveVersion = 1;
	classes = {
	};
	objectVersion = 50;
	objects = {

/* Begin PBXBuildFile section */
		3E4FC83C271C5FB400030E10 /* libbox2D.a in Frameworks */ = {isa = PBXBuildFile; fileRef = 3EAD1EB5271C580100A94874 /* libbox2D.a */; };
		3E4FC83F271C8DE000030E10 /* Maths.cpp in Sources */ = {isa = PBXBuildFile; fileRef = 3E4FC83D271C8DE000030E10 /* Maths.cpp */; };
		3E4FC840271C8DE000030E10 /* Maths.h in Headers */ = {isa = PBXBuildFile; fileRef = 3E4FC83E271C8DE000030E10 /* Maths.h */; };
		3EC70CC7270B53D600218449 /* Component.cpp in Sources */ = {isa = PBXBuildFile; fileRef = 3EC70CC6270B53D600218449 /* Component.cpp */; };
		3ED416C926F38DB90037CF6D /* ScriptableEntity.h in Headers */ = {isa = PBXBuildFile; fileRef = 3ED416C826F38DB90037CF6D /* ScriptableEntity.h */; };
		750AA8E1265D52140031A3E0 /* Utils.cpp in Sources */ = {isa = PBXBuildFile; fileRef = 750AA8DF265D52140031A3E0 /* Utils.cpp */; };
		750AA8E2265D52140031A3E0 /* Utils.h in Headers */ = {isa = PBXBuildFile; fileRef = 750AA8E0265D52140031A3E0 /* Utils.h */; };
		75158EB726B5A1BD00F938E5 /* RenderCommandQueue.cpp in Sources */ = {isa = PBXBuildFile; fileRef = 75158EB526B5A1BD00F938E5 /* RenderCommandQueue.cpp */; };
		75158EB826B5A1BD00F938E5 /* RenderCommandQueue.h in Headers */ = {isa = PBXBuildFile; fileRef = 75158EB626B5A1BD00F938E5 /* RenderCommandQueue.h */; };
		75158EBF26B5A3AE00F938E5 /* Buffer.h in Headers */ = {isa = PBXBuildFile; fileRef = 75158EBE26B5A3AE00F938E5 /* Buffer.h */; };
		755C105D26BC2519001BE251 /* Renderer2D.cpp in Sources */ = {isa = PBXBuildFile; fileRef = 755C105B26BC2519001BE251 /* Renderer2D.cpp */; };
		755C105E26BC2519001BE251 /* Renderer2D.h in Headers */ = {isa = PBXBuildFile; fileRef = 755C105C26BC2519001BE251 /* Renderer2D.h */; };
		758265DB2679F6DF0080169A /* ContetBrowserPannel.cpp in Sources */ = {isa = PBXBuildFile; fileRef = 758265D92679F6DF0080169A /* ContetBrowserPannel.cpp */; };
		758265DC2679F6DF0080169A /* ContetBrowserPannel.h in Headers */ = {isa = PBXBuildFile; fileRef = 758265DA2679F6DF0080169A /* ContetBrowserPannel.h */; };
		7589D501267758DD00EB43D9 /* SceneSerializer.cpp in Sources */ = {isa = PBXBuildFile; fileRef = 7589D4FF267758DD00EB43D9 /* SceneSerializer.cpp */; };
		7589D502267758DD00EB43D9 /* SceneSerializer.h in Headers */ = {isa = PBXBuildFile; fileRef = 7589D500267758DD00EB43D9 /* SceneSerializer.h */; };
		7589D5032677622500EB43D9 /* libyaml.a in Frameworks */ = {isa = PBXBuildFile; fileRef = 7589D2402677574300EB43D9 /* libyaml.a */; };
		75CDC6FF26B461B600A804CB /* Asserts.h in Headers */ = {isa = PBXBuildFile; fileRef = 75CDC6FE26B461B600A804CB /* Asserts.h */; };
		75FDFAA426BD1517008320D5 /* MeshScene.cpp in Sources */ = {isa = PBXBuildFile; fileRef = 75FDFAA226BD1517008320D5 /* MeshScene.cpp */; };
		75FDFAA526BD1517008320D5 /* MeshScene.h in Headers */ = {isa = PBXBuildFile; fileRef = 75FDFAA326BD1517008320D5 /* MeshScene.h */; };
		75FDFAAC26BD2333008320D5 /* ShaderUniform.h in Headers */ = {isa = PBXBuildFile; fileRef = 75FDFAAA26BD2333008320D5 /* ShaderUniform.h */; };
		75FDFAB126BD244A008320D5 /* OpenGLShaderUniform.cpp in Sources */ = {isa = PBXBuildFile; fileRef = 75FDFAAF26BD244A008320D5 /* OpenGLShaderUniform.cpp */; };
		75FDFAB226BD244A008320D5 /* OpenGLShaderUniform.h in Headers */ = {isa = PBXBuildFile; fileRef = 75FDFAB026BD244A008320D5 /* OpenGLShaderUniform.h */; };
		B2028051262590D300BC7F39 /* Core.h in Headers */ = {isa = PBXBuildFile; fileRef = B2028050262590D300BC7F39 /* Core.h */; };
		B2028053262592DD00BC7F39 /* Log.h in Headers */ = {isa = PBXBuildFile; fileRef = B2028052262592DD00BC7F39 /* Log.h */; };
		B20280562625934700BC7F39 /* Log.cpp in Sources */ = {isa = PBXBuildFile; fileRef = B20280542625934700BC7F39 /* Log.cpp */; };
		B202805B2625DCD200BC7F39 /* Layer.h in Headers */ = {isa = PBXBuildFile; fileRef = B20280592625DCD200BC7F39 /* Layer.h */; };
		B202805E2625DF4900BC7F39 /* Layerstack.cpp in Sources */ = {isa = PBXBuildFile; fileRef = B202805C2625DF4900BC7F39 /* Layerstack.cpp */; };
		B202805F2625DF4900BC7F39 /* Layerstack.h in Headers */ = {isa = PBXBuildFile; fileRef = B202805D2625DF4900BC7F39 /* Layerstack.h */; };
		B20280652625F99A00BC7F39 /* Window.cpp in Sources */ = {isa = PBXBuildFile; fileRef = B20280632625F99A00BC7F39 /* Window.cpp */; };
		B20280662625F99A00BC7F39 /* Window.h in Headers */ = {isa = PBXBuildFile; fileRef = B20280642625F99A00BC7F39 /* Window.h */; };
		B202806B2625FF1900BC7F39 /* MacWindow.cpp in Sources */ = {isa = PBXBuildFile; fileRef = B20280692625FF1900BC7F39 /* MacWindow.cpp */; };
		B202806C2625FF1900BC7F39 /* MacWindow.h in Headers */ = {isa = PBXBuildFile; fileRef = B202806A2625FF1900BC7F39 /* MacWindow.h */; };
		B227E5A32636DEB300DC3DFA /* Buffers.cpp in Sources */ = {isa = PBXBuildFile; fileRef = B227E5A12636DEB300DC3DFA /* Buffers.cpp */; };
		B227E5A42636DEB300DC3DFA /* Buffers.h in Headers */ = {isa = PBXBuildFile; fileRef = B227E5A22636DEB300DC3DFA /* Buffers.h */; };
		B227E5A92636F22B00DC3DFA /* OpenGLBuffers.cpp in Sources */ = {isa = PBXBuildFile; fileRef = B227E5A72636F22B00DC3DFA /* OpenGLBuffers.cpp */; };
		B227E5AA2636F22B00DC3DFA /* OpenGLBuffers.h in Headers */ = {isa = PBXBuildFile; fileRef = B227E5A82636F22B00DC3DFA /* OpenGLBuffers.h */; };
		B22FE6EA2638428000C1640B /* VertexArray.cpp in Sources */ = {isa = PBXBuildFile; fileRef = B22FE6E82638428000C1640B /* VertexArray.cpp */; };
		B22FE6EB2638428000C1640B /* VertexArray.h in Headers */ = {isa = PBXBuildFile; fileRef = B22FE6E92638428000C1640B /* VertexArray.h */; };
		B22FE6F02638431200C1640B /* OpenGLVertexArray.cpp in Sources */ = {isa = PBXBuildFile; fileRef = B22FE6EE2638431200C1640B /* OpenGLVertexArray.cpp */; };
		B22FE6F12638431200C1640B /* OpenGLVertexArray.h in Headers */ = {isa = PBXBuildFile; fileRef = B22FE6EF2638431200C1640B /* OpenGLVertexArray.h */; };
		B22FE6F82638473500C1640B /* Texture.cpp in Sources */ = {isa = PBXBuildFile; fileRef = B22FE6F62638473500C1640B /* Texture.cpp */; };
		B22FE6F92638473500C1640B /* Texture.h in Headers */ = {isa = PBXBuildFile; fileRef = B22FE6F72638473500C1640B /* Texture.h */; };
		B22FE6FC2638482400C1640B /* OpenGLTexture.cpp in Sources */ = {isa = PBXBuildFile; fileRef = B22FE6FA2638482400C1640B /* OpenGLTexture.cpp */; };
		B22FE6FD2638482400C1640B /* OpenGLTexture.h in Headers */ = {isa = PBXBuildFile; fileRef = B22FE6FB2638482400C1640B /* OpenGLTexture.h */; };
		B22FE70026385C3B00C1640B /* Shader.h in Headers */ = {isa = PBXBuildFile; fileRef = B22FE6FE26385C3B00C1640B /* Shader.h */; };
		B22FE70126385C3B00C1640B /* Shader.cpp in Sources */ = {isa = PBXBuildFile; fileRef = B22FE6FF26385C3B00C1640B /* Shader.cpp */; };
		B22FE70426385C8A00C1640B /* OpenGLShader.h in Headers */ = {isa = PBXBuildFile; fileRef = B22FE70226385C8A00C1640B /* OpenGLShader.h */; };
		B22FE70526385C8A00C1640B /* OpenGLShader.cpp in Sources */ = {isa = PBXBuildFile; fileRef = B22FE70326385C8A00C1640B /* OpenGLShader.cpp */; };
		B22FE70826385ECE00C1640B /* OpenGLFrameBuffer.cpp in Sources */ = {isa = PBXBuildFile; fileRef = B22FE70626385ECE00C1640B /* OpenGLFrameBuffer.cpp */; };
		B22FE70926385ECE00C1640B /* OpenGLFrameBuffer.h in Headers */ = {isa = PBXBuildFile; fileRef = B22FE70726385ECE00C1640B /* OpenGLFrameBuffer.h */; };
		B22FE70C26385EE600C1640B /* FrameBuffer.cpp in Sources */ = {isa = PBXBuildFile; fileRef = B22FE70A26385EE600C1640B /* FrameBuffer.cpp */; };
		B22FE70D26385EE600C1640B /* FrameBuffer.h in Headers */ = {isa = PBXBuildFile; fileRef = B22FE70B26385EE600C1640B /* FrameBuffer.h */; };
		B2400F40263434F60051B868 /* TimeStep.h in Headers */ = {isa = PBXBuildFile; fileRef = B2400F3F263434F60051B868 /* TimeStep.h */; };
		B240109E26343A8A0051B868 /* libImgui.a in Frameworks */ = {isa = PBXBuildFile; fileRef = B2400F572634396D0051B868 /* libImgui.a */; };
		B24010A2263450200051B868 /* ImguiLayer.cpp in Sources */ = {isa = PBXBuildFile; fileRef = B24010A0263450200051B868 /* ImguiLayer.cpp */; };
		B24010A3263450200051B868 /* ImguiLayer.h in Headers */ = {isa = PBXBuildFile; fileRef = B24010A1263450200051B868 /* ImguiLayer.h */; };
		B24010A52634502E0051B868 /* ImguiBuild.cpp in Sources */ = {isa = PBXBuildFile; fileRef = B24010A42634502E0051B868 /* ImguiBuild.cpp */; };
		B249622A26397EE80091C915 /* RendererAPI.h in Headers */ = {isa = PBXBuildFile; fileRef = B249622826397EE80091C915 /* RendererAPI.h */; };
		B249622B26397EE80091C915 /* RendererAPI.cpp in Sources */ = {isa = PBXBuildFile; fileRef = B249622926397EE80091C915 /* RendererAPI.cpp */; };
		B249622E26397FAC0091C915 /* OpenGlRendererAPI.cpp in Sources */ = {isa = PBXBuildFile; fileRef = B249622C26397FAC0091C915 /* OpenGlRendererAPI.cpp */; };
		B249622F26397FAC0091C915 /* OpenGlRendererAPI.h in Headers */ = {isa = PBXBuildFile; fileRef = B249622D26397FAC0091C915 /* OpenGlRendererAPI.h */; };
		B249623326399A140091C915 /* Camera.h in Headers */ = {isa = PBXBuildFile; fileRef = B249623126399A140091C915 /* Camera.h */; };
		B249623626399AA50091C915 /* EditorCamera.h in Headers */ = {isa = PBXBuildFile; fileRef = B249623426399AA40091C915 /* EditorCamera.h */; };
		B249623726399AA50091C915 /* EditorCamera.cpp in Sources */ = {isa = PBXBuildFile; fileRef = B249623526399AA50091C915 /* EditorCamera.cpp */; };
		B249623B2639A7740091C915 /* Scene.cpp in Sources */ = {isa = PBXBuildFile; fileRef = B24962392639A7740091C915 /* Scene.cpp */; };
		B249623C2639A7740091C915 /* Scene.h in Headers */ = {isa = PBXBuildFile; fileRef = B249623A2639A7740091C915 /* Scene.h */; };
		B2496B552639A8AE0091C915 /* entt.hpp in Headers */ = {isa = PBXBuildFile; fileRef = B24962412639A89C0091C915 /* entt.hpp */; };
		B2496CB92639A8AF0091C915 /* stb_image.h in Headers */ = {isa = PBXBuildFile; fileRef = B249648B2639A89F0091C915 /* stb_image.h */; };
		B2496CBA2639A8AF0091C915 /* stb_image.cpp in Sources */ = {isa = PBXBuildFile; fileRef = B249648C2639A89F0091C915 /* stb_image.cpp */; };
		B2496F132639AA690091C915 /* SceneRenderer.cpp in Sources */ = {isa = PBXBuildFile; fileRef = B2496F112639AA690091C915 /* SceneRenderer.cpp */; };
		B2496F142639AA690091C915 /* SceneRenderer.h in Headers */ = {isa = PBXBuildFile; fileRef = B2496F122639AA690091C915 /* SceneRenderer.h */; };
		B25684C226274BFB0030D00D /* libglfw3.a in Frameworks */ = {isa = PBXBuildFile; fileRef = B25684C126274BFB0030D00D /* libglfw3.a */; };
		B27B4D9D263ACA0D000AC7B5 /* Entity.h in Headers */ = {isa = PBXBuildFile; fileRef = B27B4D9C263ACA0D000AC7B5 /* Entity.h */; };
		B27B4DA1263AF8AA000AC7B5 /* Component.h in Headers */ = {isa = PBXBuildFile; fileRef = B27B4DA0263AF8AA000AC7B5 /* Component.h */; };
		B27D6098263D3A3000954BB6 /* UUID.cpp in Sources */ = {isa = PBXBuildFile; fileRef = B27D6094263D3A3000954BB6 /* UUID.cpp */; };
		B27D6099263D3A3000954BB6 /* UUID.h in Headers */ = {isa = PBXBuildFile; fileRef = B27D6097263D3A3000954BB6 /* UUID.h */; };
		B27D609C263D6B1A00954BB6 /* SceneCamera.cpp in Sources */ = {isa = PBXBuildFile; fileRef = B27D609A263D6B1A00954BB6 /* SceneCamera.cpp */; };
		B27D609D263D6B1A00954BB6 /* SceneCamera.h in Headers */ = {isa = PBXBuildFile; fileRef = B27D609B263D6B1A00954BB6 /* SceneCamera.h */; };
		B27FE30E2629E072000FD32D /* libGlad.a in Frameworks */ = {isa = PBXBuildFile; fileRef = B27FE30D2629E04A000FD32D /* libGlad.a */; };
		B27FE3132629E153000FD32D /* OpenGLGraphicsContext.cpp in Sources */ = {isa = PBXBuildFile; fileRef = B27FE3112629E153000FD32D /* OpenGLGraphicsContext.cpp */; };
		B27FE3142629E153000FD32D /* OpenGLGraphicsContext.h in Headers */ = {isa = PBXBuildFile; fileRef = B27FE3122629E153000FD32D /* OpenGLGraphicsContext.h */; };
		B27FE3172629E1D2000FD32D /* GraphicsContext.cpp in Sources */ = {isa = PBXBuildFile; fileRef = B27FE3152629E1D2000FD32D /* GraphicsContext.cpp */; };
		B27FE3182629E1D2000FD32D /* GraphicsContext.h in Headers */ = {isa = PBXBuildFile; fileRef = B27FE3162629E1D2000FD32D /* GraphicsContext.h */; };
		B27FE31B2629E474000FD32D /* Renderer.cpp in Sources */ = {isa = PBXBuildFile; fileRef = B27FE3192629E474000FD32D /* Renderer.cpp */; };
		B27FE31C2629E474000FD32D /* Renderer.h in Headers */ = {isa = PBXBuildFile; fileRef = B27FE31A2629E474000FD32D /* Renderer.h */; };
		B28FE5BF262C87A500DC5E20 /* Input.h in Headers */ = {isa = PBXBuildFile; fileRef = B28FE5BE262C87A500DC5E20 /* Input.h */; };
		B28FE5C3262C881700DC5E20 /* MacInput.cpp in Sources */ = {isa = PBXBuildFile; fileRef = B28FE5C1262C881700DC5E20 /* MacInput.cpp */; };
		B2A1C10F263E78C200606017 /* ImguiAPI.cpp in Sources */ = {isa = PBXBuildFile; fileRef = B2A1C10D263E78C200606017 /* ImguiAPI.cpp */; };
		B2A1C110263E78C200606017 /* ImguiAPI.h in Headers */ = {isa = PBXBuildFile; fileRef = B2A1C10E263E78C200606017 /* ImguiAPI.h */; };
		B2A1C115263E82E700606017 /* RendererStats.cpp in Sources */ = {isa = PBXBuildFile; fileRef = B2A1C113263E82E700606017 /* RendererStats.cpp */; };
		B2A1C116263E82E700606017 /* RendererStats.h in Headers */ = {isa = PBXBuildFile; fileRef = B2A1C114263E82E700606017 /* RendererStats.h */; };
		B2A1C119263E87DD00606017 /* Viewport.cpp in Sources */ = {isa = PBXBuildFile; fileRef = B2A1C117263E87DD00606017 /* Viewport.cpp */; };
		B2A1C11A263E87DD00606017 /* Viewport.h in Headers */ = {isa = PBXBuildFile; fileRef = B2A1C118263E87DD00606017 /* Viewport.h */; };
		B2A1C11D263EAE6800606017 /* SceneHierarchyPannel.cpp in Sources */ = {isa = PBXBuildFile; fileRef = B2A1C11B263EAE6800606017 /* SceneHierarchyPannel.cpp */; };
		B2A1C11E263EAE6800606017 /* SceneHierarchyPannel.h in Headers */ = {isa = PBXBuildFile; fileRef = B2A1C11C263EAE6800606017 /* SceneHierarchyPannel.h */; };
		B2A1C120263EE4CA00606017 /* ScenePropertyGrid.h in Headers */ = {isa = PBXBuildFile; fileRef = B2A1C11F263EE4CA00606017 /* ScenePropertyGrid.h */; };
		B2EAB338262B20FF003D7FE6 /* Event.h in Headers */ = {isa = PBXBuildFile; fileRef = B2EAB336262B20FF003D7FE6 /* Event.h */; };
		B2EAB33B262B2311003D7FE6 /* ApplicationEvent.h in Headers */ = {isa = PBXBuildFile; fileRef = B2EAB33A262B2311003D7FE6 /* ApplicationEvent.h */; };
		B2EAB33D262B23AA003D7FE6 /* KeyEvent.h in Headers */ = {isa = PBXBuildFile; fileRef = B2EAB33C262B23AA003D7FE6 /* KeyEvent.h */; };
		B2EAB33F262B23F2003D7FE6 /* MouseEvent.h in Headers */ = {isa = PBXBuildFile; fileRef = B2EAB33E262B23F2003D7FE6 /* MouseEvent.h */; };
		B2EAB342262B265B003D7FE6 /* KeyCode.h in Headers */ = {isa = PBXBuildFile; fileRef = B2EAB340262B265B003D7FE6 /* KeyCode.h */; };
		B2EAB343262B265B003D7FE6 /* MouseCode.h in Headers */ = {isa = PBXBuildFile; fileRef = B2EAB341262B265B003D7FE6 /* MouseCode.h */; };
		B2F0CBC5263EEDC100A289AA /* ScenePropertyGrid.cpp in Sources */ = {isa = PBXBuildFile; fileRef = B2F0CBC4263EEDC100A289AA /* ScenePropertyGrid.cpp */; };
		B2FE351026248C7700AFC236 /* iKan.h in Headers */ = {isa = PBXBuildFile; fileRef = B2FE350F26248C7700AFC236 /* iKan.h */; };
		B2FE351226249ECB00AFC236 /* PrefixHeader.pch in Headers */ = {isa = PBXBuildFile; fileRef = B2FE351126249ECB00AFC236 /* PrefixHeader.pch */; };
		B2FE35152624B34000AFC236 /* Entrypoint.h in Headers */ = {isa = PBXBuildFile; fileRef = B2FE35142624B34000AFC236 /* Entrypoint.h */; };
		B2FE351C2624B67B00AFC236 /* Application.cpp in Sources */ = {isa = PBXBuildFile; fileRef = B2FE351A2624B67B00AFC236 /* Application.cpp */; };
		B2FE351D2624B67B00AFC236 /* Application.h in Headers */ = {isa = PBXBuildFile; fileRef = B2FE351B2624B67B00AFC236 /* Application.h */; };
/* End PBXBuildFile section */

/* Begin PBXContainerItemProxy section */
		3EAD1EB4271C580100A94874 /* PBXContainerItemProxy */ = {
			isa = PBXContainerItemProxy;
			containerPortal = 3EAD1EB0271C580100A94874 /* box2D.xcodeproj */;
			proxyType = 2;
			remoteGlobalIDString = 3EAD1EA9271C580100A94874;
			remoteInfo = box2D;
		};
		7589D23F2677574300EB43D9 /* PBXContainerItemProxy */ = {
			isa = PBXContainerItemProxy;
			containerPortal = 7589D23B2677574200EB43D9 /* yaml.xcodeproj */;
			proxyType = 2;
			remoteGlobalIDString = 7589D2342677574200EB43D9;
			remoteInfo = yaml;
		};
		B2400F562634396D0051B868 /* PBXContainerItemProxy */ = {
			isa = PBXContainerItemProxy;
			containerPortal = B2400F522634396C0051B868 /* Imgui.xcodeproj */;
			proxyType = 2;
			remoteGlobalIDString = B2400F4B2634396C0051B868;
			remoteInfo = Imgui;
		};
		B27FE30C2629E04A000FD32D /* PBXContainerItemProxy */ = {
			isa = PBXContainerItemProxy;
			containerPortal = B27FE3082629E04A000FD32D /* Glad.xcodeproj */;
			proxyType = 2;
			remoteGlobalIDString = B27FE2F72629DF84000FD32D;
			remoteInfo = Glad;
		};
/* End PBXContainerItemProxy section */

/* Begin PBXFileReference section */
		3E4FC83D271C8DE000030E10 /* Maths.cpp */ = {isa = PBXFileReference; lastKnownFileType = sourcecode.cpp.cpp; path = Maths.cpp; sourceTree = "<group>"; };
		3E4FC83E271C8DE000030E10 /* Maths.h */ = {isa = PBXFileReference; lastKnownFileType = sourcecode.c.h; path = Maths.h; sourceTree = "<group>"; };
		3E99AD71273AC05000C6FD0C /* CircleShader.glsl */ = {isa = PBXFileReference; fileEncoding = 4; lastKnownFileType = text; path = CircleShader.glsl; sourceTree = "<group>"; };
		3EAD1EB0271C580100A94874 /* box2D.xcodeproj */ = {isa = PBXFileReference; lastKnownFileType = "wrapper.pb-project"; name = box2D.xcodeproj; path = vendor/box2D/box2D.xcodeproj; sourceTree = "<group>"; };
		3EC70CC6270B53D600218449 /* Component.cpp */ = {isa = PBXFileReference; lastKnownFileType = sourcecode.cpp.cpp; path = Component.cpp; sourceTree = "<group>"; };
		3ED416C826F38DB90037CF6D /* ScriptableEntity.h */ = {isa = PBXFileReference; lastKnownFileType = sourcecode.c.h; path = ScriptableEntity.h; sourceTree = "<group>"; };
		750AA8DF265D52140031A3E0 /* Utils.cpp */ = {isa = PBXFileReference; lastKnownFileType = sourcecode.cpp.cpp; path = Utils.cpp; sourceTree = "<group>"; };
		750AA8E0265D52140031A3E0 /* Utils.h */ = {isa = PBXFileReference; lastKnownFileType = sourcecode.c.h; path = Utils.h; sourceTree = "<group>"; };
		75158EB526B5A1BD00F938E5 /* RenderCommandQueue.cpp */ = {isa = PBXFileReference; lastKnownFileType = sourcecode.cpp.cpp; path = RenderCommandQueue.cpp; sourceTree = "<group>"; };
		75158EB626B5A1BD00F938E5 /* RenderCommandQueue.h */ = {isa = PBXFileReference; lastKnownFileType = sourcecode.c.h; path = RenderCommandQueue.h; sourceTree = "<group>"; };
		75158EBE26B5A3AE00F938E5 /* Buffer.h */ = {isa = PBXFileReference; lastKnownFileType = sourcecode.c.h; path = Buffer.h; sourceTree = "<group>"; };
		755C105B26BC2519001BE251 /* Renderer2D.cpp */ = {isa = PBXFileReference; lastKnownFileType = sourcecode.cpp.cpp; path = Renderer2D.cpp; sourceTree = "<group>"; };
		755C105C26BC2519001BE251 /* Renderer2D.h */ = {isa = PBXFileReference; lastKnownFileType = sourcecode.c.h; path = Renderer2D.h; sourceTree = "<group>"; };
		758265D92679F6DF0080169A /* ContetBrowserPannel.cpp */ = {isa = PBXFileReference; lastKnownFileType = sourcecode.cpp.cpp; path = ContetBrowserPannel.cpp; sourceTree = "<group>"; wrapsLines = 0; };
		758265DA2679F6DF0080169A /* ContetBrowserPannel.h */ = {isa = PBXFileReference; lastKnownFileType = sourcecode.c.h; path = ContetBrowserPannel.h; sourceTree = "<group>"; };
		7589D23B2677574200EB43D9 /* yaml.xcodeproj */ = {isa = PBXFileReference; lastKnownFileType = "wrapper.pb-project"; name = yaml.xcodeproj; path = vendor/yaml/yaml.xcodeproj; sourceTree = "<group>"; };
		7589D4FF267758DD00EB43D9 /* SceneSerializer.cpp */ = {isa = PBXFileReference; lastKnownFileType = sourcecode.cpp.cpp; path = SceneSerializer.cpp; sourceTree = "<group>"; };
		7589D500267758DD00EB43D9 /* SceneSerializer.h */ = {isa = PBXFileReference; lastKnownFileType = sourcecode.c.h; path = SceneSerializer.h; sourceTree = "<group>"; };
		75AF8EDF26B708CD000E352F /* NoTexture.png */ = {isa = PBXFileReference; lastKnownFileType = image.png; path = NoTexture.png; sourceTree = "<group>"; };
		75AF8EE126B708CD000E352F /* Pause.png */ = {isa = PBXFileReference; lastKnownFileType = image.png; path = Pause.png; sourceTree = "<group>"; };
		75AF8EE226B708CD000E352F /* Play.png */ = {isa = PBXFileReference; lastKnownFileType = image.png; path = Play.png; sourceTree = "<group>"; };
		75AF8EE426B708CD000E352F /* h.png */ = {isa = PBXFileReference; lastKnownFileType = image.png; path = h.png; sourceTree = "<group>"; };
		75AF8EE526B708CD000E352F /* cpp.png */ = {isa = PBXFileReference; lastKnownFileType = image.png; path = cpp.png; sourceTree = "<group>"; };
		75AF8EE626B708CD000E352F /* File.png */ = {isa = PBXFileReference; lastKnownFileType = image.png; path = File.png; sourceTree = "<group>"; };
		75AF8EE726B708CD000E352F /* Home.png */ = {isa = PBXFileReference; lastKnownFileType = image.png; path = Home.png; sourceTree = "<group>"; };
		75AF8EE826B708CD000E352F /* Search.png */ = {isa = PBXFileReference; lastKnownFileType = image.png; path = Search.png; sourceTree = "<group>"; };
		75AF8EE926B708CD000E352F /* Folder.png */ = {isa = PBXFileReference; lastKnownFileType = image.png; path = Folder.png; sourceTree = "<group>"; };
		75AF8EEA26B708CD000E352F /* Png.png */ = {isa = PBXFileReference; lastKnownFileType = image.png; path = Png.png; sourceTree = "<group>"; };
		75AF8EEB26B708CD000E352F /* Forward.png */ = {isa = PBXFileReference; lastKnownFileType = image.png; path = Forward.png; sourceTree = "<group>"; };
		75AF8EEC26B708CD000E352F /* Jpg.png */ = {isa = PBXFileReference; lastKnownFileType = image.png; path = Jpg.png; sourceTree = "<group>"; };
		75AF8EED26B708CD000E352F /* c.png */ = {isa = PBXFileReference; lastKnownFileType = image.png; path = c.png; sourceTree = "<group>"; };
		75AF8EEE26B708CD000E352F /* FolderMac.png */ = {isa = PBXFileReference; lastKnownFileType = image.png; path = FolderMac.png; sourceTree = "<group>"; };
		75AF8EEF26B708CD000E352F /* Back.png */ = {isa = PBXFileReference; lastKnownFileType = image.png; path = Back.png; sourceTree = "<group>"; };
		75AF8EF126B708CD000E352F /* container.png */ = {isa = PBXFileReference; lastKnownFileType = image.png; path = container.png; sourceTree = "<group>"; };
		75AF8EF226B708CD000E352F /* DefaultTexture.png */ = {isa = PBXFileReference; lastKnownFileType = image.png; path = DefaultTexture.png; sourceTree = "<group>"; };
		75AF8EF326B708CD000E352F /* metal.png */ = {isa = PBXFileReference; lastKnownFileType = image.png; path = metal.png; sourceTree = "<group>"; };
		75AF8EF426B708CD000E352F /* wood.png */ = {isa = PBXFileReference; lastKnownFileType = image.png; path = wood.png; sourceTree = "<group>"; };
		75AF8EF526B708CD000E352F /* matrix.png */ = {isa = PBXFileReference; lastKnownFileType = image.png; path = matrix.png; sourceTree = "<group>"; };
		75AF8EF626B708CD000E352F /* grass.png */ = {isa = PBXFileReference; lastKnownFileType = image.png; path = grass.png; sourceTree = "<group>"; };
		75AF8EF726B708CD000E352F /* window.png */ = {isa = PBXFileReference; lastKnownFileType = image.png; path = window.png; sourceTree = "<group>"; };
		75AF8EF826B708CD000E352F /* checkerboard.png */ = {isa = PBXFileReference; lastKnownFileType = image.png; path = checkerboard.png; sourceTree = "<group>"; };
		75AF8EF926B708CD000E352F /* marble.png */ = {isa = PBXFileReference; lastKnownFileType = image.png; path = marble.png; sourceTree = "<group>"; };
		75AF8EFA26B708CD000E352F /* smile.png */ = {isa = PBXFileReference; lastKnownFileType = image.png; path = smile.png; sourceTree = "<group>"; };
		75AF8EFD26B708CD000E352F /* Example.iKan */ = {isa = PBXFileReference; fileEncoding = 4; lastKnownFileType = text; path = Example.iKan; sourceTree = "<group>"; };
		75AF8EFF26B708CD000E352F /* Fonts.otf */ = {isa = PBXFileReference; lastKnownFileType = file; path = Fonts.otf; sourceTree = "<group>"; };
		75AF8F0126B708CD000E352F /* OpenSans-Light.ttf */ = {isa = PBXFileReference; lastKnownFileType = file; path = "OpenSans-Light.ttf"; sourceTree = "<group>"; };
		75AF8F0226B708CD000E352F /* OpenSans-Italic.ttf */ = {isa = PBXFileReference; lastKnownFileType = file; path = "OpenSans-Italic.ttf"; sourceTree = "<group>"; };
		75AF8F0326B708CD000E352F /* OpenSans-ExtraBold.ttf */ = {isa = PBXFileReference; lastKnownFileType = file; path = "OpenSans-ExtraBold.ttf"; sourceTree = "<group>"; };
		75AF8F0426B708CD000E352F /* OpenSans-Bold.ttf */ = {isa = PBXFileReference; lastKnownFileType = file; path = "OpenSans-Bold.ttf"; sourceTree = "<group>"; };
		75AF8F0526B708CD000E352F /* LICENSE.webarchive */ = {isa = PBXFileReference; lastKnownFileType = file.bplist; path = LICENSE.webarchive; sourceTree = "<group>"; };
		75AF8F0626B708CD000E352F /* OpenSans-ExtraBoldItalic.ttf */ = {isa = PBXFileReference; lastKnownFileType = file; path = "OpenSans-ExtraBoldItalic.ttf"; sourceTree = "<group>"; };
		75AF8F0726B708CD000E352F /* OpenSans-Regular.ttf */ = {isa = PBXFileReference; lastKnownFileType = file; path = "OpenSans-Regular.ttf"; sourceTree = "<group>"; };
		75CDC6FE26B461B600A804CB /* Asserts.h */ = {isa = PBXFileReference; lastKnownFileType = sourcecode.c.h; path = Asserts.h; sourceTree = "<group>"; };
		75FDFAA226BD1517008320D5 /* MeshScene.cpp */ = {isa = PBXFileReference; lastKnownFileType = sourcecode.cpp.cpp; path = MeshScene.cpp; sourceTree = "<group>"; };
		75FDFAA326BD1517008320D5 /* MeshScene.h */ = {isa = PBXFileReference; lastKnownFileType = sourcecode.c.h; path = MeshScene.h; sourceTree = "<group>"; };
		75FDFAAA26BD2333008320D5 /* ShaderUniform.h */ = {isa = PBXFileReference; lastKnownFileType = sourcecode.c.h; path = ShaderUniform.h; sourceTree = "<group>"; };
		75FDFAAF26BD244A008320D5 /* OpenGLShaderUniform.cpp */ = {isa = PBXFileReference; lastKnownFileType = sourcecode.cpp.cpp; path = OpenGLShaderUniform.cpp; sourceTree = "<group>"; };
		75FDFAB026BD244A008320D5 /* OpenGLShaderUniform.h */ = {isa = PBXFileReference; lastKnownFileType = sourcecode.c.h; path = OpenGLShaderUniform.h; sourceTree = "<group>"; };
		B2028050262590D300BC7F39 /* Core.h */ = {isa = PBXFileReference; lastKnownFileType = sourcecode.c.h; path = Core.h; sourceTree = "<group>"; };
		B2028052262592DD00BC7F39 /* Log.h */ = {isa = PBXFileReference; lastKnownFileType = sourcecode.c.h; path = Log.h; sourceTree = "<group>"; };
		B20280542625934700BC7F39 /* Log.cpp */ = {isa = PBXFileReference; lastKnownFileType = sourcecode.cpp.cpp; path = Log.cpp; sourceTree = "<group>"; };
		B20280592625DCD200BC7F39 /* Layer.h */ = {isa = PBXFileReference; lastKnownFileType = sourcecode.c.h; path = Layer.h; sourceTree = "<group>"; wrapsLines = 0; };
		B202805C2625DF4900BC7F39 /* Layerstack.cpp */ = {isa = PBXFileReference; lastKnownFileType = sourcecode.cpp.cpp; path = Layerstack.cpp; sourceTree = "<group>"; };
		B202805D2625DF4900BC7F39 /* Layerstack.h */ = {isa = PBXFileReference; lastKnownFileType = sourcecode.c.h; path = Layerstack.h; sourceTree = "<group>"; };
		B20280632625F99A00BC7F39 /* Window.cpp */ = {isa = PBXFileReference; lastKnownFileType = sourcecode.cpp.cpp; path = Window.cpp; sourceTree = "<group>"; };
		B20280642625F99A00BC7F39 /* Window.h */ = {isa = PBXFileReference; lastKnownFileType = sourcecode.c.h; path = Window.h; sourceTree = "<group>"; };
		B20280692625FF1900BC7F39 /* MacWindow.cpp */ = {isa = PBXFileReference; lastKnownFileType = sourcecode.cpp.cpp; path = MacWindow.cpp; sourceTree = "<group>"; };
		B202806A2625FF1900BC7F39 /* MacWindow.h */ = {isa = PBXFileReference; lastKnownFileType = sourcecode.c.h; path = MacWindow.h; sourceTree = "<group>"; wrapsLines = 0; };
		B227E5A12636DEB300DC3DFA /* Buffers.cpp */ = {isa = PBXFileReference; lastKnownFileType = sourcecode.cpp.cpp; path = Buffers.cpp; sourceTree = "<group>"; };
		B227E5A22636DEB300DC3DFA /* Buffers.h */ = {isa = PBXFileReference; lastKnownFileType = sourcecode.c.h; path = Buffers.h; sourceTree = "<group>"; };
		B227E5A72636F22B00DC3DFA /* OpenGLBuffers.cpp */ = {isa = PBXFileReference; lastKnownFileType = sourcecode.cpp.cpp; path = OpenGLBuffers.cpp; sourceTree = "<group>"; };
		B227E5A82636F22B00DC3DFA /* OpenGLBuffers.h */ = {isa = PBXFileReference; lastKnownFileType = sourcecode.c.h; path = OpenGLBuffers.h; sourceTree = "<group>"; };
		B22FE6E82638428000C1640B /* VertexArray.cpp */ = {isa = PBXFileReference; lastKnownFileType = sourcecode.cpp.cpp; path = VertexArray.cpp; sourceTree = "<group>"; };
		B22FE6E92638428000C1640B /* VertexArray.h */ = {isa = PBXFileReference; lastKnownFileType = sourcecode.c.h; path = VertexArray.h; sourceTree = "<group>"; };
		B22FE6EE2638431200C1640B /* OpenGLVertexArray.cpp */ = {isa = PBXFileReference; lastKnownFileType = sourcecode.cpp.cpp; path = OpenGLVertexArray.cpp; sourceTree = "<group>"; };
		B22FE6EF2638431200C1640B /* OpenGLVertexArray.h */ = {isa = PBXFileReference; lastKnownFileType = sourcecode.c.h; path = OpenGLVertexArray.h; sourceTree = "<group>"; };
		B22FE6F62638473500C1640B /* Texture.cpp */ = {isa = PBXFileReference; fileEncoding = 4; lastKnownFileType = sourcecode.cpp.cpp; path = Texture.cpp; sourceTree = "<group>"; wrapsLines = 0; };
		B22FE6F72638473500C1640B /* Texture.h */ = {isa = PBXFileReference; fileEncoding = 4; lastKnownFileType = sourcecode.c.h; path = Texture.h; sourceTree = "<group>"; };
		B22FE6FA2638482400C1640B /* OpenGLTexture.cpp */ = {isa = PBXFileReference; fileEncoding = 4; lastKnownFileType = sourcecode.cpp.cpp; path = OpenGLTexture.cpp; sourceTree = "<group>"; };
		B22FE6FB2638482400C1640B /* OpenGLTexture.h */ = {isa = PBXFileReference; fileEncoding = 4; lastKnownFileType = sourcecode.c.h; path = OpenGLTexture.h; sourceTree = "<group>"; };
		B22FE6FE26385C3B00C1640B /* Shader.h */ = {isa = PBXFileReference; fileEncoding = 4; lastKnownFileType = sourcecode.c.h; path = Shader.h; sourceTree = "<group>"; };
		B22FE6FF26385C3B00C1640B /* Shader.cpp */ = {isa = PBXFileReference; fileEncoding = 4; lastKnownFileType = sourcecode.cpp.cpp; path = Shader.cpp; sourceTree = "<group>"; };
		B22FE70226385C8A00C1640B /* OpenGLShader.h */ = {isa = PBXFileReference; fileEncoding = 4; lastKnownFileType = sourcecode.c.h; path = OpenGLShader.h; sourceTree = "<group>"; };
		B22FE70326385C8A00C1640B /* OpenGLShader.cpp */ = {isa = PBXFileReference; fileEncoding = 4; lastKnownFileType = sourcecode.cpp.cpp; path = OpenGLShader.cpp; sourceTree = "<group>"; };
		B22FE70626385ECE00C1640B /* OpenGLFrameBuffer.cpp */ = {isa = PBXFileReference; fileEncoding = 4; lastKnownFileType = sourcecode.cpp.cpp; path = OpenGLFrameBuffer.cpp; sourceTree = "<group>"; wrapsLines = 0; };
		B22FE70726385ECE00C1640B /* OpenGLFrameBuffer.h */ = {isa = PBXFileReference; fileEncoding = 4; lastKnownFileType = sourcecode.c.h; path = OpenGLFrameBuffer.h; sourceTree = "<group>"; };
		B22FE70A26385EE600C1640B /* FrameBuffer.cpp */ = {isa = PBXFileReference; fileEncoding = 4; lastKnownFileType = sourcecode.cpp.cpp; path = FrameBuffer.cpp; sourceTree = "<group>"; };
		B22FE70B26385EE600C1640B /* FrameBuffer.h */ = {isa = PBXFileReference; fileEncoding = 4; lastKnownFileType = sourcecode.c.h; path = FrameBuffer.h; sourceTree = "<group>"; };
		B2400F3F263434F60051B868 /* TimeStep.h */ = {isa = PBXFileReference; lastKnownFileType = sourcecode.c.h; path = TimeStep.h; sourceTree = "<group>"; };
		B2400F522634396C0051B868 /* Imgui.xcodeproj */ = {isa = PBXFileReference; lastKnownFileType = "wrapper.pb-project"; name = Imgui.xcodeproj; path = vendor/Imgui/Imgui.xcodeproj; sourceTree = "<group>"; };
		B24010A0263450200051B868 /* ImguiLayer.cpp */ = {isa = PBXFileReference; lastKnownFileType = sourcecode.cpp.cpp; path = ImguiLayer.cpp; sourceTree = "<group>"; wrapsLines = 0; };
		B24010A1263450200051B868 /* ImguiLayer.h */ = {isa = PBXFileReference; lastKnownFileType = sourcecode.c.h; path = ImguiLayer.h; sourceTree = "<group>"; };
		B24010A42634502E0051B868 /* ImguiBuild.cpp */ = {isa = PBXFileReference; lastKnownFileType = sourcecode.cpp.cpp; path = ImguiBuild.cpp; sourceTree = "<group>"; };
		B249622826397EE80091C915 /* RendererAPI.h */ = {isa = PBXFileReference; fileEncoding = 4; lastKnownFileType = sourcecode.c.h; path = RendererAPI.h; sourceTree = "<group>"; };
		B249622926397EE80091C915 /* RendererAPI.cpp */ = {isa = PBXFileReference; fileEncoding = 4; lastKnownFileType = sourcecode.cpp.cpp; path = RendererAPI.cpp; sourceTree = "<group>"; };
		B249622C26397FAC0091C915 /* OpenGlRendererAPI.cpp */ = {isa = PBXFileReference; fileEncoding = 4; lastKnownFileType = sourcecode.cpp.cpp; path = OpenGlRendererAPI.cpp; sourceTree = "<group>"; };
		B249622D26397FAC0091C915 /* OpenGlRendererAPI.h */ = {isa = PBXFileReference; fileEncoding = 4; lastKnownFileType = sourcecode.c.h; path = OpenGlRendererAPI.h; sourceTree = "<group>"; };
		B249623126399A140091C915 /* Camera.h */ = {isa = PBXFileReference; lastKnownFileType = sourcecode.c.h; path = Camera.h; sourceTree = "<group>"; };
		B249623426399AA40091C915 /* EditorCamera.h */ = {isa = PBXFileReference; fileEncoding = 4; lastKnownFileType = sourcecode.c.h; path = EditorCamera.h; sourceTree = "<group>"; };
		B249623526399AA50091C915 /* EditorCamera.cpp */ = {isa = PBXFileReference; fileEncoding = 4; lastKnownFileType = sourcecode.cpp.cpp; path = EditorCamera.cpp; sourceTree = "<group>"; };
		B24962392639A7740091C915 /* Scene.cpp */ = {isa = PBXFileReference; lastKnownFileType = sourcecode.cpp.cpp; path = Scene.cpp; sourceTree = "<group>"; wrapsLines = 0; };
		B249623A2639A7740091C915 /* Scene.h */ = {isa = PBXFileReference; lastKnownFileType = sourcecode.c.h; path = Scene.h; sourceTree = "<group>"; };
		B249623F2639A89C0091C915 /* LICENSE */ = {isa = PBXFileReference; fileEncoding = 4; lastKnownFileType = text; path = LICENSE; sourceTree = "<group>"; };
		B24962412639A89C0091C915 /* entt.hpp */ = {isa = PBXFileReference; fileEncoding = 4; lastKnownFileType = sourcecode.cpp.h; path = entt.hpp; sourceTree = "<group>"; };
		B249648B2639A89F0091C915 /* stb_image.h */ = {isa = PBXFileReference; fileEncoding = 4; lastKnownFileType = sourcecode.c.h; path = stb_image.h; sourceTree = "<group>"; };
		B249648C2639A89F0091C915 /* stb_image.cpp */ = {isa = PBXFileReference; fileEncoding = 4; lastKnownFileType = sourcecode.cpp.cpp; path = stb_image.cpp; sourceTree = "<group>"; };
		B2496F112639AA690091C915 /* SceneRenderer.cpp */ = {isa = PBXFileReference; lastKnownFileType = sourcecode.cpp.cpp; path = SceneRenderer.cpp; sourceTree = "<group>"; wrapsLines = 0; };
		B2496F122639AA690091C915 /* SceneRenderer.h */ = {isa = PBXFileReference; lastKnownFileType = sourcecode.c.h; path = SceneRenderer.h; sourceTree = "<group>"; wrapsLines = 0; };
		B25684C126274BFB0030D00D /* libglfw3.a */ = {isa = PBXFileReference; lastKnownFileType = archive.ar; name = libglfw3.a; path = vendor/glfw/lib/libglfw3.a; sourceTree = "<group>"; };
		B27B4D9C263ACA0D000AC7B5 /* Entity.h */ = {isa = PBXFileReference; lastKnownFileType = sourcecode.c.h; path = Entity.h; sourceTree = "<group>"; };
		B27B4DA0263AF8AA000AC7B5 /* Component.h */ = {isa = PBXFileReference; lastKnownFileType = sourcecode.c.h; path = Component.h; sourceTree = "<group>"; };
		B27D6094263D3A3000954BB6 /* UUID.cpp */ = {isa = PBXFileReference; fileEncoding = 4; lastKnownFileType = sourcecode.cpp.cpp; path = UUID.cpp; sourceTree = "<group>"; };
		B27D6097263D3A3000954BB6 /* UUID.h */ = {isa = PBXFileReference; fileEncoding = 4; lastKnownFileType = sourcecode.c.h; path = UUID.h; sourceTree = "<group>"; };
		B27D609A263D6B1A00954BB6 /* SceneCamera.cpp */ = {isa = PBXFileReference; fileEncoding = 4; lastKnownFileType = sourcecode.cpp.cpp; path = SceneCamera.cpp; sourceTree = "<group>"; };
		B27D609B263D6B1A00954BB6 /* SceneCamera.h */ = {isa = PBXFileReference; fileEncoding = 4; lastKnownFileType = sourcecode.c.h; path = SceneCamera.h; sourceTree = "<group>"; };
		B27FE3082629E04A000FD32D /* Glad.xcodeproj */ = {isa = PBXFileReference; lastKnownFileType = "wrapper.pb-project"; name = Glad.xcodeproj; path = vendor/Glad/Glad.xcodeproj; sourceTree = "<group>"; };
		B27FE3112629E153000FD32D /* OpenGLGraphicsContext.cpp */ = {isa = PBXFileReference; lastKnownFileType = sourcecode.cpp.cpp; path = OpenGLGraphicsContext.cpp; sourceTree = "<group>"; };
		B27FE3122629E153000FD32D /* OpenGLGraphicsContext.h */ = {isa = PBXFileReference; lastKnownFileType = sourcecode.c.h; path = OpenGLGraphicsContext.h; sourceTree = "<group>"; };
		B27FE3152629E1D2000FD32D /* GraphicsContext.cpp */ = {isa = PBXFileReference; lastKnownFileType = sourcecode.cpp.cpp; path = GraphicsContext.cpp; sourceTree = "<group>"; };
		B27FE3162629E1D2000FD32D /* GraphicsContext.h */ = {isa = PBXFileReference; lastKnownFileType = sourcecode.c.h; path = GraphicsContext.h; sourceTree = "<group>"; };
		B27FE3192629E474000FD32D /* Renderer.cpp */ = {isa = PBXFileReference; lastKnownFileType = sourcecode.cpp.cpp; path = Renderer.cpp; sourceTree = "<group>"; };
		B27FE31A2629E474000FD32D /* Renderer.h */ = {isa = PBXFileReference; lastKnownFileType = sourcecode.c.h; path = Renderer.h; sourceTree = "<group>"; };
		B28FE5BE262C87A500DC5E20 /* Input.h */ = {isa = PBXFileReference; lastKnownFileType = sourcecode.c.h; path = Input.h; sourceTree = "<group>"; };
		B28FE5C1262C881700DC5E20 /* MacInput.cpp */ = {isa = PBXFileReference; lastKnownFileType = sourcecode.cpp.cpp; path = MacInput.cpp; sourceTree = "<group>"; };
		B2A1C10D263E78C200606017 /* ImguiAPI.cpp */ = {isa = PBXFileReference; lastKnownFileType = sourcecode.cpp.cpp; path = ImguiAPI.cpp; sourceTree = "<group>"; };
		B2A1C10E263E78C200606017 /* ImguiAPI.h */ = {isa = PBXFileReference; lastKnownFileType = sourcecode.c.h; path = ImguiAPI.h; sourceTree = "<group>"; };
		B2A1C113263E82E700606017 /* RendererStats.cpp */ = {isa = PBXFileReference; lastKnownFileType = sourcecode.cpp.cpp; path = RendererStats.cpp; sourceTree = "<group>"; };
		B2A1C114263E82E700606017 /* RendererStats.h */ = {isa = PBXFileReference; lastKnownFileType = sourcecode.c.h; path = RendererStats.h; sourceTree = "<group>"; };
		B2A1C117263E87DD00606017 /* Viewport.cpp */ = {isa = PBXFileReference; lastKnownFileType = sourcecode.cpp.cpp; path = Viewport.cpp; sourceTree = "<group>"; wrapsLines = 0; };
		B2A1C118263E87DD00606017 /* Viewport.h */ = {isa = PBXFileReference; lastKnownFileType = sourcecode.c.h; path = Viewport.h; sourceTree = "<group>"; };
		B2A1C11B263EAE6800606017 /* SceneHierarchyPannel.cpp */ = {isa = PBXFileReference; lastKnownFileType = sourcecode.cpp.cpp; path = SceneHierarchyPannel.cpp; sourceTree = "<group>"; wrapsLines = 0; };
		B2A1C11C263EAE6800606017 /* SceneHierarchyPannel.h */ = {isa = PBXFileReference; lastKnownFileType = sourcecode.c.h; path = SceneHierarchyPannel.h; sourceTree = "<group>"; };
		B2A1C11F263EE4CA00606017 /* ScenePropertyGrid.h */ = {isa = PBXFileReference; lastKnownFileType = sourcecode.c.h; path = ScenePropertyGrid.h; sourceTree = "<group>"; };
		B2E1A03B263AC3CF00889B3F /* BatchRenderer2DShader.glsl */ = {isa = PBXFileReference; fileEncoding = 4; lastKnownFileType = text; path = BatchRenderer2DShader.glsl; sourceTree = "<group>"; };
		B2EAB336262B20FF003D7FE6 /* Event.h */ = {isa = PBXFileReference; lastKnownFileType = sourcecode.c.h; path = Event.h; sourceTree = "<group>"; };
		B2EAB33A262B2311003D7FE6 /* ApplicationEvent.h */ = {isa = PBXFileReference; lastKnownFileType = sourcecode.c.h; path = ApplicationEvent.h; sourceTree = "<group>"; };
		B2EAB33C262B23AA003D7FE6 /* KeyEvent.h */ = {isa = PBXFileReference; lastKnownFileType = sourcecode.c.h; path = KeyEvent.h; sourceTree = "<group>"; };
		B2EAB33E262B23F2003D7FE6 /* MouseEvent.h */ = {isa = PBXFileReference; lastKnownFileType = sourcecode.c.h; path = MouseEvent.h; sourceTree = "<group>"; };
		B2EAB340262B265B003D7FE6 /* KeyCode.h */ = {isa = PBXFileReference; fileEncoding = 4; lastKnownFileType = sourcecode.c.h; path = KeyCode.h; sourceTree = "<group>"; };
		B2EAB341262B265B003D7FE6 /* MouseCode.h */ = {isa = PBXFileReference; fileEncoding = 4; lastKnownFileType = sourcecode.c.h; path = MouseCode.h; sourceTree = "<group>"; };
		B2F0CBC4263EEDC100A289AA /* ScenePropertyGrid.cpp */ = {isa = PBXFileReference; lastKnownFileType = sourcecode.cpp.cpp; path = ScenePropertyGrid.cpp; sourceTree = "<group>"; };
		B2FE34F426248A4500AFC236 /* libiKan.a */ = {isa = PBXFileReference; explicitFileType = archive.ar; includeInIndex = 0; path = libiKan.a; sourceTree = BUILT_PRODUCTS_DIR; };
		B2FE350F26248C7700AFC236 /* iKan.h */ = {isa = PBXFileReference; lastKnownFileType = sourcecode.c.h; path = iKan.h; sourceTree = "<group>"; };
		B2FE351126249ECB00AFC236 /* PrefixHeader.pch */ = {isa = PBXFileReference; lastKnownFileType = sourcecode.c.h; path = PrefixHeader.pch; sourceTree = "<group>"; };
		B2FE35142624B34000AFC236 /* Entrypoint.h */ = {isa = PBXFileReference; lastKnownFileType = sourcecode.c.h; path = Entrypoint.h; sourceTree = "<group>"; };
		B2FE351A2624B67B00AFC236 /* Application.cpp */ = {isa = PBXFileReference; lastKnownFileType = sourcecode.cpp.cpp; path = Application.cpp; sourceTree = "<group>"; wrapsLines = 0; };
		B2FE351B2624B67B00AFC236 /* Application.h */ = {isa = PBXFileReference; lastKnownFileType = sourcecode.c.h; path = Application.h; sourceTree = "<group>"; wrapsLines = 0; };
/* End PBXFileReference section */

/* Begin PBXFrameworksBuildPhase section */
		B2FE34F226248A4500AFC236 /* Frameworks */ = {
			isa = PBXFrameworksBuildPhase;
			buildActionMask = 2147483647;
			files = (
				3E4FC83C271C5FB400030E10 /* libbox2D.a in Frameworks */,
				7589D5032677622500EB43D9 /* libyaml.a in Frameworks */,
				B240109E26343A8A0051B868 /* libImgui.a in Frameworks */,
				B27FE30E2629E072000FD32D /* libGlad.a in Frameworks */,
				B25684C226274BFB0030D00D /* libglfw3.a in Frameworks */,
			);
			runOnlyForDeploymentPostprocessing = 0;
		};
/* End PBXFrameworksBuildPhase section */

/* Begin PBXGroup section */
		3EAD1EB1271C580100A94874 /* Products */ = {
			isa = PBXGroup;
			children = (
				3EAD1EB5271C580100A94874 /* libbox2D.a */,
			);
			name = Products;
			sourceTree = "<group>";
		};
		7589D23C2677574200EB43D9 /* Products */ = {
			isa = PBXGroup;
			children = (
				7589D2402677574300EB43D9 /* libyaml.a */,
			);
			name = Products;
			sourceTree = "<group>";
		};
		75AF8EDC26B708CD000E352F /* assets */ = {
			isa = PBXGroup;
			children = (
				75AF8EDD26B708CD000E352F /* resources */,
				75AF8EFB26B708CD000E352F /* objects */,
				75AF8EFC26B708CD000E352F /* scene */,
				75AF8EFE26B708CD000E352F /* Fonts */,
			);
			path = assets;
			sourceTree = "<group>";
		};
		75AF8EDD26B708CD000E352F /* resources */ = {
			isa = PBXGroup;
			children = (
				75AF8EDE26B708CD000E352F /* Default */,
				75AF8EE026B708CD000E352F /* Icons */,
				75AF8EE326B708CD000E352F /* ContentBrowser */,
				75AF8EF026B708CD000E352F /* texture */,
			);
			path = resources;
			sourceTree = "<group>";
		};
		75AF8EDE26B708CD000E352F /* Default */ = {
			isa = PBXGroup;
			children = (
				75AF8EDF26B708CD000E352F /* NoTexture.png */,
			);
			path = Default;
			sourceTree = "<group>";
		};
		75AF8EE026B708CD000E352F /* Icons */ = {
			isa = PBXGroup;
			children = (
				75AF8EE126B708CD000E352F /* Pause.png */,
				75AF8EE226B708CD000E352F /* Play.png */,
			);
			path = Icons;
			sourceTree = "<group>";
		};
		75AF8EE326B708CD000E352F /* ContentBrowser */ = {
			isa = PBXGroup;
			children = (
				75AF8EE426B708CD000E352F /* h.png */,
				75AF8EE526B708CD000E352F /* cpp.png */,
				75AF8EE626B708CD000E352F /* File.png */,
				75AF8EE726B708CD000E352F /* Home.png */,
				75AF8EE826B708CD000E352F /* Search.png */,
				75AF8EE926B708CD000E352F /* Folder.png */,
				75AF8EEA26B708CD000E352F /* Png.png */,
				75AF8EEB26B708CD000E352F /* Forward.png */,
				75AF8EEC26B708CD000E352F /* Jpg.png */,
				75AF8EED26B708CD000E352F /* c.png */,
				75AF8EEE26B708CD000E352F /* FolderMac.png */,
				75AF8EEF26B708CD000E352F /* Back.png */,
			);
			path = ContentBrowser;
			sourceTree = "<group>";
		};
		75AF8EF026B708CD000E352F /* texture */ = {
			isa = PBXGroup;
			children = (
				75AF8EF126B708CD000E352F /* container.png */,
				75AF8EF226B708CD000E352F /* DefaultTexture.png */,
				75AF8EF326B708CD000E352F /* metal.png */,
				75AF8EF426B708CD000E352F /* wood.png */,
				75AF8EF526B708CD000E352F /* matrix.png */,
				75AF8EF626B708CD000E352F /* grass.png */,
				75AF8EF726B708CD000E352F /* window.png */,
				75AF8EF826B708CD000E352F /* checkerboard.png */,
				75AF8EF926B708CD000E352F /* marble.png */,
				75AF8EFA26B708CD000E352F /* smile.png */,
			);
			path = texture;
			sourceTree = "<group>";
		};
		75AF8EFB26B708CD000E352F /* objects */ = {
			isa = PBXGroup;
			children = (
			);
			path = objects;
			sourceTree = "<group>";
		};
		75AF8EFC26B708CD000E352F /* scene */ = {
			isa = PBXGroup;
			children = (
				75AF8EFD26B708CD000E352F /* Example.iKan */,
			);
			path = scene;
			sourceTree = "<group>";
		};
		75AF8EFE26B708CD000E352F /* Fonts */ = {
			isa = PBXGroup;
			children = (
				75AF8EFF26B708CD000E352F /* Fonts.otf */,
				75AF8F0026B708CD000E352F /* OpenSans */,
			);
			path = Fonts;
			sourceTree = "<group>";
		};
		75AF8F0026B708CD000E352F /* OpenSans */ = {
			isa = PBXGroup;
			children = (
				75AF8F0126B708CD000E352F /* OpenSans-Light.ttf */,
				75AF8F0226B708CD000E352F /* OpenSans-Italic.ttf */,
				75AF8F0326B708CD000E352F /* OpenSans-ExtraBold.ttf */,
				75AF8F0426B708CD000E352F /* OpenSans-Bold.ttf */,
				75AF8F0526B708CD000E352F /* LICENSE.webarchive */,
				75AF8F0626B708CD000E352F /* OpenSans-ExtraBoldItalic.ttf */,
				75AF8F0726B708CD000E352F /* OpenSans-Regular.ttf */,
			);
			path = OpenSans;
			sourceTree = "<group>";
		};
		B20280672625FEEE00BC7F39 /* Platform */ = {
			isa = PBXGroup;
			children = (
				B27FE3102629E0BE000FD32D /* OpenGL */,
				B20280682625FF0000BC7F39 /* MacOs */,
			);
			path = Platform;
			sourceTree = "<group>";
		};
		B20280682625FF0000BC7F39 /* MacOs */ = {
			isa = PBXGroup;
			children = (
				B20280692625FF1900BC7F39 /* MacWindow.cpp */,
				B202806A2625FF1900BC7F39 /* MacWindow.h */,
				B28FE5C1262C881700DC5E20 /* MacInput.cpp */,
			);
			path = MacOs;
			sourceTree = "<group>";
		};
		B2400F532634396C0051B868 /* Products */ = {
			isa = PBXGroup;
			children = (
				B2400F572634396D0051B868 /* libImgui.a */,
			);
			name = Products;
			sourceTree = "<group>";
		};
		B240109F26344FD90051B868 /* Imgui */ = {
			isa = PBXGroup;
			children = (
				B24010A42634502E0051B868 /* ImguiBuild.cpp */,
				B24010A0263450200051B868 /* ImguiLayer.cpp */,
				B24010A1263450200051B868 /* ImguiLayer.h */,
				B2A1C10D263E78C200606017 /* ImguiAPI.cpp */,
				B2A1C10E263E78C200606017 /* ImguiAPI.h */,
			);
			path = Imgui;
			sourceTree = "<group>";
		};
		B24010A62634551B0051B868 /* Editor */ = {
			isa = PBXGroup;
			children = (
				75AF8EDC26B708CD000E352F /* assets */,
				B249623526399AA50091C915 /* EditorCamera.cpp */,
				B249623426399AA40091C915 /* EditorCamera.h */,
				B2A1C11B263EAE6800606017 /* SceneHierarchyPannel.cpp */,
				B2A1C11C263EAE6800606017 /* SceneHierarchyPannel.h */,
				B2F0CBC4263EEDC100A289AA /* ScenePropertyGrid.cpp */,
				B2A1C11F263EE4CA00606017 /* ScenePropertyGrid.h */,
				758265D92679F6DF0080169A /* ContetBrowserPannel.cpp */,
				758265DA2679F6DF0080169A /* ContetBrowserPannel.h */,
			);
			path = Editor;
			sourceTree = "<group>";
		};
		B24962382639A74B0091C915 /* Scene */ = {
			isa = PBXGroup;
			children = (
				B24962392639A7740091C915 /* Scene.cpp */,
				B249623A2639A7740091C915 /* Scene.h */,
				B27B4D9C263ACA0D000AC7B5 /* Entity.h */,
				3EC70CC6270B53D600218449 /* Component.cpp */,
				B27B4DA0263AF8AA000AC7B5 /* Component.h */,
				B27D609A263D6B1A00954BB6 /* SceneCamera.cpp */,
				B27D609B263D6B1A00954BB6 /* SceneCamera.h */,
				B2A1C117263E87DD00606017 /* Viewport.cpp */,
				B2A1C118263E87DD00606017 /* Viewport.h */,
				7589D4FF267758DD00EB43D9 /* SceneSerializer.cpp */,
				7589D500267758DD00EB43D9 /* SceneSerializer.h */,
				3ED416C826F38DB90037CF6D /* ScriptableEntity.h */,
			);
			path = Scene;
			sourceTree = "<group>";
		};
		B249623D2639A89C0091C915 /* vendor */ = {
			isa = PBXGroup;
			children = (
				B249623E2639A89C0091C915 /* EnTT */,
				B249648A2639A89F0091C915 /* stbimage */,
			);
			path = vendor;
			sourceTree = "<group>";
		};
		B249623E2639A89C0091C915 /* EnTT */ = {
			isa = PBXGroup;
			children = (
				B249623F2639A89C0091C915 /* LICENSE */,
				B24962402639A89C0091C915 /* include */,
			);
			path = EnTT;
			sourceTree = "<group>";
		};
		B24962402639A89C0091C915 /* include */ = {
			isa = PBXGroup;
			children = (
				B24962412639A89C0091C915 /* entt.hpp */,
			);
			path = include;
			sourceTree = "<group>";
		};
		B249648A2639A89F0091C915 /* stbimage */ = {
			isa = PBXGroup;
			children = (
				B249648B2639A89F0091C915 /* stb_image.h */,
				B249648C2639A89F0091C915 /* stb_image.cpp */,
			);
			path = stbimage;
			sourceTree = "<group>";
		};
		B25458C5262899580053BD47 /* Dependency */ = {
			isa = PBXGroup;
			children = (
				3EAD1EB0271C580100A94874 /* box2D.xcodeproj */,
				7589D23B2677574200EB43D9 /* yaml.xcodeproj */,
				B2400F522634396C0051B868 /* Imgui.xcodeproj */,
				B27FE3082629E04A000FD32D /* Glad.xcodeproj */,
			);
			name = Dependency;
			sourceTree = "<group>";
		};
		B25684C026274BFB0030D00D /* Frameworks */ = {
			isa = PBXGroup;
			children = (
				B25684C126274BFB0030D00D /* libglfw3.a */,
			);
			name = Frameworks;
			sourceTree = "<group>";
		};
		B27FE3092629E04A000FD32D /* Products */ = {
			isa = PBXGroup;
			children = (
				B27FE30D2629E04A000FD32D /* libGlad.a */,
			);
			name = Products;
			sourceTree = "<group>";
		};
		B27FE30F2629E0A3000FD32D /* Renderer */ = {
			isa = PBXGroup;
			children = (
				B2496F112639AA690091C915 /* SceneRenderer.cpp */,
				B2496F122639AA690091C915 /* SceneRenderer.h */,
				75FDFAA226BD1517008320D5 /* MeshScene.cpp */,
				75FDFAA326BD1517008320D5 /* MeshScene.h */,
				755C105B26BC2519001BE251 /* Renderer2D.cpp */,
				755C105C26BC2519001BE251 /* Renderer2D.h */,
				B249622926397EE80091C915 /* RendererAPI.cpp */,
				B249622826397EE80091C915 /* RendererAPI.h */,
				B27FE3192629E474000FD32D /* Renderer.cpp */,
				B27FE31A2629E474000FD32D /* Renderer.h */,
				75158EB526B5A1BD00F938E5 /* RenderCommandQueue.cpp */,
				75158EB626B5A1BD00F938E5 /* RenderCommandQueue.h */,
				B27FE3152629E1D2000FD32D /* GraphicsContext.cpp */,
				B27FE3162629E1D2000FD32D /* GraphicsContext.h */,
				B227E5A12636DEB300DC3DFA /* Buffers.cpp */,
				B227E5A22636DEB300DC3DFA /* Buffers.h */,
				B22FE6E82638428000C1640B /* VertexArray.cpp */,
				B22FE6E92638428000C1640B /* VertexArray.h */,
				B22FE6F62638473500C1640B /* Texture.cpp */,
				B22FE6F72638473500C1640B /* Texture.h */,
				B22FE6FF26385C3B00C1640B /* Shader.cpp */,
				75FDFAAA26BD2333008320D5 /* ShaderUniform.h */,
				B22FE6FE26385C3B00C1640B /* Shader.h */,
				B22FE70A26385EE600C1640B /* FrameBuffer.cpp */,
				B22FE70B26385EE600C1640B /* FrameBuffer.h */,
				B249623126399A140091C915 /* Camera.h */,
				B2A1C113263E82E700606017 /* RendererStats.cpp */,
				B2A1C114263E82E700606017 /* RendererStats.h */,
			);
			path = Renderer;
			sourceTree = "<group>";
		};
		B27FE3102629E0BE000FD32D /* OpenGL */ = {
			isa = PBXGroup;
			children = (
				B249622C26397FAC0091C915 /* OpenGlRendererAPI.cpp */,
				B249622D26397FAC0091C915 /* OpenGlRendererAPI.h */,
				B27FE3112629E153000FD32D /* OpenGLGraphicsContext.cpp */,
				B27FE3122629E153000FD32D /* OpenGLGraphicsContext.h */,
				B227E5A72636F22B00DC3DFA /* OpenGLBuffers.cpp */,
				B227E5A82636F22B00DC3DFA /* OpenGLBuffers.h */,
				B22FE6EE2638431200C1640B /* OpenGLVertexArray.cpp */,
				B22FE6EF2638431200C1640B /* OpenGLVertexArray.h */,
				B22FE6FA2638482400C1640B /* OpenGLTexture.cpp */,
				B22FE6FB2638482400C1640B /* OpenGLTexture.h */,
				B22FE70326385C8A00C1640B /* OpenGLShader.cpp */,
				B22FE70226385C8A00C1640B /* OpenGLShader.h */,
				75FDFAAF26BD244A008320D5 /* OpenGLShaderUniform.cpp */,
				75FDFAB026BD244A008320D5 /* OpenGLShaderUniform.h */,
				B22FE70626385ECE00C1640B /* OpenGLFrameBuffer.cpp */,
				B22FE70726385ECE00C1640B /* OpenGLFrameBuffer.h */,
			);
			path = OpenGL;
			sourceTree = "<group>";
		};
		B2E1A039263AC3CF00889B3F /* assets */ = {
			isa = PBXGroup;
			children = (
				B2E1A03A263AC3CF00889B3F /* shaders */,
			);
			path = assets;
			sourceTree = "<group>";
		};
		B2E1A03A263AC3CF00889B3F /* shaders */ = {
			isa = PBXGroup;
			children = (
				3E99AD71273AC05000C6FD0C /* CircleShader.glsl */,
				B2E1A03B263AC3CF00889B3F /* BatchRenderer2DShader.glsl */,
			);
			path = shaders;
			sourceTree = "<group>";
		};
		B2EAB334262B20F3003D7FE6 /* Events */ = {
			isa = PBXGroup;
			children = (
				B2EAB336262B20FF003D7FE6 /* Event.h */,
				B2EAB33A262B2311003D7FE6 /* ApplicationEvent.h */,
				B2EAB33C262B23AA003D7FE6 /* KeyEvent.h */,
				B2EAB33E262B23F2003D7FE6 /* MouseEvent.h */,
			);
			path = Events;
			sourceTree = "<group>";
		};
		B2FE34EB26248A4500AFC236 = {
			isa = PBXGroup;
			children = (
				B2E1A039263AC3CF00889B3F /* assets */,
				B249623D2639A89C0091C915 /* vendor */,
				B2FE350E26248C3F00AFC236 /* src */,
				B25458C5262899580053BD47 /* Dependency */,
				B2FE34F526248A4500AFC236 /* Products */,
				B25684C026274BFB0030D00D /* Frameworks */,
			);
			sourceTree = "<group>";
		};
		B2FE34F526248A4500AFC236 /* Products */ = {
			isa = PBXGroup;
			children = (
				B2FE34F426248A4500AFC236 /* libiKan.a */,
			);
			name = Products;
			sourceTree = "<group>";
		};
		B2FE350E26248C3F00AFC236 /* src */ = {
			isa = PBXGroup;
			children = (
				B2FE350F26248C7700AFC236 /* iKan.h */,
				B2FE351126249ECB00AFC236 /* PrefixHeader.pch */,
				B2FE35132624B32600AFC236 /* iKan */,
			);
			path = src;
			sourceTree = "<group>";
		};
		B2FE35132624B32600AFC236 /* iKan */ = {
			isa = PBXGroup;
			children = (
				B2FE35142624B34000AFC236 /* Entrypoint.h */,
				B2FE35192624B61A00AFC236 /* Core */,
				B24962382639A74B0091C915 /* Scene */,
				B24010A62634551B0051B868 /* Editor */,
				B27FE30F2629E0A3000FD32D /* Renderer */,
				B240109F26344FD90051B868 /* Imgui */,
				B20280672625FEEE00BC7F39 /* Platform */,
			);
			path = iKan;
			sourceTree = "<group>";
		};
		B2FE35192624B61A00AFC236 /* Core */ = {
			isa = PBXGroup;
			children = (
				B2EAB334262B20F3003D7FE6 /* Events */,
				B2FE351A2624B67B00AFC236 /* Application.cpp */,
				B2FE351B2624B67B00AFC236 /* Application.h */,
				750AA8DF265D52140031A3E0 /* Utils.cpp */,
				750AA8E0265D52140031A3E0 /* Utils.h */,
				B2028050262590D300BC7F39 /* Core.h */,
				B2028052262592DD00BC7F39 /* Log.h */,
				B20280542625934700BC7F39 /* Log.cpp */,
				B20280592625DCD200BC7F39 /* Layer.h */,
				B202805C2625DF4900BC7F39 /* Layerstack.cpp */,
				B202805D2625DF4900BC7F39 /* Layerstack.h */,
				B20280632625F99A00BC7F39 /* Window.cpp */,
				B20280642625F99A00BC7F39 /* Window.h */,
				B2EAB340262B265B003D7FE6 /* KeyCode.h */,
				B2EAB341262B265B003D7FE6 /* MouseCode.h */,
				B28FE5BE262C87A500DC5E20 /* Input.h */,
				B2400F3F263434F60051B868 /* TimeStep.h */,
				B27D6094263D3A3000954BB6 /* UUID.cpp */,
				B27D6097263D3A3000954BB6 /* UUID.h */,
				75CDC6FE26B461B600A804CB /* Asserts.h */,
				75158EBE26B5A3AE00F938E5 /* Buffer.h */,
				3E4FC83D271C8DE000030E10 /* Maths.cpp */,
				3E4FC83E271C8DE000030E10 /* Maths.h */,
			);
			path = Core;
			sourceTree = "<group>";
		};
/* End PBXGroup section */

/* Begin PBXHeadersBuildPhase section */
		B2FE34F026248A4500AFC236 /* Headers */ = {
			isa = PBXHeadersBuildPhase;
			buildActionMask = 2147483647;
			files = (
				B27B4DA1263AF8AA000AC7B5 /* Component.h in Headers */,
				75FDFAA526BD1517008320D5 /* MeshScene.h in Headers */,
				B202806C2625FF1900BC7F39 /* MacWindow.h in Headers */,
				B27D609D263D6B1A00954BB6 /* SceneCamera.h in Headers */,
				B227E5AA2636F22B00DC3DFA /* OpenGLBuffers.h in Headers */,
				B27D6099263D3A3000954BB6 /* UUID.h in Headers */,
				B2EAB33B262B2311003D7FE6 /* ApplicationEvent.h in Headers */,
				75158EB826B5A1BD00F938E5 /* RenderCommandQueue.h in Headers */,
				B249622F26397FAC0091C915 /* OpenGlRendererAPI.h in Headers */,
				B2A1C11A263E87DD00606017 /* Viewport.h in Headers */,
				75158EBF26B5A3AE00F938E5 /* Buffer.h in Headers */,
				B2A1C116263E82E700606017 /* RendererStats.h in Headers */,
				B2A1C11E263EAE6800606017 /* SceneHierarchyPannel.h in Headers */,
				B24010A3263450200051B868 /* ImguiLayer.h in Headers */,
				B2028051262590D300BC7F39 /* Core.h in Headers */,
				B249622A26397EE80091C915 /* RendererAPI.h in Headers */,
				75FDFAAC26BD2333008320D5 /* ShaderUniform.h in Headers */,
				B22FE6F12638431200C1640B /* OpenGLVertexArray.h in Headers */,
				B2FE35152624B34000AFC236 /* Entrypoint.h in Headers */,
				B2EAB33F262B23F2003D7FE6 /* MouseEvent.h in Headers */,
				3E4FC840271C8DE000030E10 /* Maths.h in Headers */,
				758265DC2679F6DF0080169A /* ContetBrowserPannel.h in Headers */,
				B22FE70D26385EE600C1640B /* FrameBuffer.h in Headers */,
				B28FE5BF262C87A500DC5E20 /* Input.h in Headers */,
				750AA8E2265D52140031A3E0 /* Utils.h in Headers */,
				75FDFAB226BD244A008320D5 /* OpenGLShaderUniform.h in Headers */,
				B2496F142639AA690091C915 /* SceneRenderer.h in Headers */,
				B2A1C120263EE4CA00606017 /* ScenePropertyGrid.h in Headers */,
				B27FE3182629E1D2000FD32D /* GraphicsContext.h in Headers */,
				B2FE351D2624B67B00AFC236 /* Application.h in Headers */,
				B22FE6FD2638482400C1640B /* OpenGLTexture.h in Headers */,
				B249623C2639A7740091C915 /* Scene.h in Headers */,
				75CDC6FF26B461B600A804CB /* Asserts.h in Headers */,
				B22FE70426385C8A00C1640B /* OpenGLShader.h in Headers */,
				B249623626399AA50091C915 /* EditorCamera.h in Headers */,
				B27FE31C2629E474000FD32D /* Renderer.h in Headers */,
				B227E5A42636DEB300DC3DFA /* Buffers.h in Headers */,
				7589D502267758DD00EB43D9 /* SceneSerializer.h in Headers */,
				B22FE70926385ECE00C1640B /* OpenGLFrameBuffer.h in Headers */,
				B2400F40263434F60051B868 /* TimeStep.h in Headers */,
				B202805B2625DCD200BC7F39 /* Layer.h in Headers */,
				B2028053262592DD00BC7F39 /* Log.h in Headers */,
				B2496CB92639A8AF0091C915 /* stb_image.h in Headers */,
				3ED416C926F38DB90037CF6D /* ScriptableEntity.h in Headers */,
				B20280662625F99A00BC7F39 /* Window.h in Headers */,
				B2EAB342262B265B003D7FE6 /* KeyCode.h in Headers */,
				755C105E26BC2519001BE251 /* Renderer2D.h in Headers */,
				B2FE351226249ECB00AFC236 /* PrefixHeader.pch in Headers */,
				B2A1C110263E78C200606017 /* ImguiAPI.h in Headers */,
				B22FE6EB2638428000C1640B /* VertexArray.h in Headers */,
				B2EAB33D262B23AA003D7FE6 /* KeyEvent.h in Headers */,
				B249623326399A140091C915 /* Camera.h in Headers */,
				B27B4D9D263ACA0D000AC7B5 /* Entity.h in Headers */,
				B22FE70026385C3B00C1640B /* Shader.h in Headers */,
				B27FE3142629E153000FD32D /* OpenGLGraphicsContext.h in Headers */,
				B2FE351026248C7700AFC236 /* iKan.h in Headers */,
				B202805F2625DF4900BC7F39 /* Layerstack.h in Headers */,
				B22FE6F92638473500C1640B /* Texture.h in Headers */,
				B2496B552639A8AE0091C915 /* entt.hpp in Headers */,
				B2EAB338262B20FF003D7FE6 /* Event.h in Headers */,
				B2EAB343262B265B003D7FE6 /* MouseCode.h in Headers */,
			);
			runOnlyForDeploymentPostprocessing = 0;
		};
/* End PBXHeadersBuildPhase section */

/* Begin PBXNativeTarget section */
		B2FE34F326248A4500AFC236 /* iKan */ = {
			isa = PBXNativeTarget;
			buildConfigurationList = B2FE34F826248A4500AFC236 /* Build configuration list for PBXNativeTarget "iKan" */;
			buildPhases = (
				B2FE34F026248A4500AFC236 /* Headers */,
				B2FE34F126248A4500AFC236 /* Sources */,
				B2FE34F226248A4500AFC236 /* Frameworks */,
			);
			buildRules = (
			);
			dependencies = (
			);
			name = iKan;
			productName = iKan;
			productReference = B2FE34F426248A4500AFC236 /* libiKan.a */;
			productType = "com.apple.product-type.library.static";
		};
/* End PBXNativeTarget section */

/* Begin PBXProject section */
		B2FE34EC26248A4500AFC236 /* Project object */ = {
			isa = PBXProject;
			attributes = {
				DefaultBuildSystemTypeForWorkspace = Original;
				LastUpgradeCheck = 1250;
				TargetAttributes = {
					B2FE34F326248A4500AFC236 = {
						CreatedOnToolsVersion = 12.4;
					};
				};
			};
			buildConfigurationList = B2FE34EF26248A4500AFC236 /* Build configuration list for PBXProject "iKan" */;
			compatibilityVersion = "Xcode 9.3";
			developmentRegion = en;
			hasScannedForEncodings = 0;
			knownRegions = (
				en,
				Base,
			);
			mainGroup = B2FE34EB26248A4500AFC236;
			productRefGroup = B2FE34F526248A4500AFC236 /* Products */;
			projectDirPath = "";
			projectReferences = (
				{
					ProductGroup = 3EAD1EB1271C580100A94874 /* Products */;
					ProjectRef = 3EAD1EB0271C580100A94874 /* box2D.xcodeproj */;
				},
				{
					ProductGroup = B27FE3092629E04A000FD32D /* Products */;
					ProjectRef = B27FE3082629E04A000FD32D /* Glad.xcodeproj */;
				},
				{
					ProductGroup = B2400F532634396C0051B868 /* Products */;
					ProjectRef = B2400F522634396C0051B868 /* Imgui.xcodeproj */;
				},
				{
					ProductGroup = 7589D23C2677574200EB43D9 /* Products */;
					ProjectRef = 7589D23B2677574200EB43D9 /* yaml.xcodeproj */;
				},
			);
			projectRoot = "";
			targets = (
				B2FE34F326248A4500AFC236 /* iKan */,
			);
		};
/* End PBXProject section */

/* Begin PBXReferenceProxy section */
		3EAD1EB5271C580100A94874 /* libbox2D.a */ = {
			isa = PBXReferenceProxy;
			fileType = archive.ar;
			path = libbox2D.a;
			remoteRef = 3EAD1EB4271C580100A94874 /* PBXContainerItemProxy */;
			sourceTree = BUILT_PRODUCTS_DIR;
		};
		7589D2402677574300EB43D9 /* libyaml.a */ = {
			isa = PBXReferenceProxy;
			fileType = archive.ar;
			path = libyaml.a;
			remoteRef = 7589D23F2677574300EB43D9 /* PBXContainerItemProxy */;
			sourceTree = BUILT_PRODUCTS_DIR;
		};
		B2400F572634396D0051B868 /* libImgui.a */ = {
			isa = PBXReferenceProxy;
			fileType = archive.ar;
			path = libImgui.a;
			remoteRef = B2400F562634396D0051B868 /* PBXContainerItemProxy */;
			sourceTree = BUILT_PRODUCTS_DIR;
		};
		B27FE30D2629E04A000FD32D /* libGlad.a */ = {
			isa = PBXReferenceProxy;
			fileType = archive.ar;
			path = libGlad.a;
			remoteRef = B27FE30C2629E04A000FD32D /* PBXContainerItemProxy */;
			sourceTree = BUILT_PRODUCTS_DIR;
		};
/* End PBXReferenceProxy section */

/* Begin PBXSourcesBuildPhase section */
		B2FE34F126248A4500AFC236 /* Sources */ = {
			isa = PBXSourcesBuildPhase;
			buildActionMask = 2147483647;
			files = (
				B202806B2625FF1900BC7F39 /* MacWindow.cpp in Sources */,
				B24010A2263450200051B868 /* ImguiLayer.cpp in Sources */,
				B22FE6F02638431200C1640B /* OpenGLVertexArray.cpp in Sources */,
				B20280562625934700BC7F39 /* Log.cpp in Sources */,
				B22FE6FC2638482400C1640B /* OpenGLTexture.cpp in Sources */,
				B27D609C263D6B1A00954BB6 /* SceneCamera.cpp in Sources */,
				B227E5A92636F22B00DC3DFA /* OpenGLBuffers.cpp in Sources */,
				B24010A52634502E0051B868 /* ImguiBuild.cpp in Sources */,
				B202805E2625DF4900BC7F39 /* Layerstack.cpp in Sources */,
				B227E5A32636DEB300DC3DFA /* Buffers.cpp in Sources */,
				B249622B26397EE80091C915 /* RendererAPI.cpp in Sources */,
				75158EB726B5A1BD00F938E5 /* RenderCommandQueue.cpp in Sources */,
				B27FE3132629E153000FD32D /* OpenGLGraphicsContext.cpp in Sources */,
				75FDFAA426BD1517008320D5 /* MeshScene.cpp in Sources */,
				B22FE70126385C3B00C1640B /* Shader.cpp in Sources */,
				B27D6098263D3A3000954BB6 /* UUID.cpp in Sources */,
				B27FE31B2629E474000FD32D /* Renderer.cpp in Sources */,
				B22FE70526385C8A00C1640B /* OpenGLShader.cpp in Sources */,
				B2A1C115263E82E700606017 /* RendererStats.cpp in Sources */,
				B2F0CBC5263EEDC100A289AA /* ScenePropertyGrid.cpp in Sources */,
				B22FE6EA2638428000C1640B /* VertexArray.cpp in Sources */,
				755C105D26BC2519001BE251 /* Renderer2D.cpp in Sources */,
				B2FE351C2624B67B00AFC236 /* Application.cpp in Sources */,
				B27FE3172629E1D2000FD32D /* GraphicsContext.cpp in Sources */,
				B249623726399AA50091C915 /* EditorCamera.cpp in Sources */,
				B22FE70C26385EE600C1640B /* FrameBuffer.cpp in Sources */,
				750AA8E1265D52140031A3E0 /* Utils.cpp in Sources */,
				B22FE70826385ECE00C1640B /* OpenGLFrameBuffer.cpp in Sources */,
				B2A1C10F263E78C200606017 /* ImguiAPI.cpp in Sources */,
				75FDFAB126BD244A008320D5 /* OpenGLShaderUniform.cpp in Sources */,
				B2496CBA2639A8AF0091C915 /* stb_image.cpp in Sources */,
				B249622E26397FAC0091C915 /* OpenGlRendererAPI.cpp in Sources */,
				3E4FC83F271C8DE000030E10 /* Maths.cpp in Sources */,
				B2A1C11D263EAE6800606017 /* SceneHierarchyPannel.cpp in Sources */,
				B22FE6F82638473500C1640B /* Texture.cpp in Sources */,
				758265DB2679F6DF0080169A /* ContetBrowserPannel.cpp in Sources */,
				B28FE5C3262C881700DC5E20 /* MacInput.cpp in Sources */,
				B2496F132639AA690091C915 /* SceneRenderer.cpp in Sources */,
				3EC70CC7270B53D600218449 /* Component.cpp in Sources */,
				7589D501267758DD00EB43D9 /* SceneSerializer.cpp in Sources */,
				B2A1C119263E87DD00606017 /* Viewport.cpp in Sources */,
				B249623B2639A7740091C915 /* Scene.cpp in Sources */,
				B20280652625F99A00BC7F39 /* Window.cpp in Sources */,
			);
			runOnlyForDeploymentPostprocessing = 0;
		};
/* End PBXSourcesBuildPhase section */

/* Begin XCBuildConfiguration section */
		B2FE34F626248A4500AFC236 /* Debug */ = {
			isa = XCBuildConfiguration;
			buildSettings = {
				ALWAYS_SEARCH_USER_PATHS = NO;
				CLANG_ANALYZER_NONNULL = YES;
				CLANG_ANALYZER_NUMBER_OBJECT_CONVERSION = YES_AGGRESSIVE;
				CLANG_CXX_LANGUAGE_STANDARD = "gnu++14";
				CLANG_CXX_LIBRARY = "libc++";
				CLANG_ENABLE_MODULES = YES;
				CLANG_ENABLE_OBJC_ARC = YES;
				CLANG_ENABLE_OBJC_WEAK = YES;
				CLANG_WARN_BLOCK_CAPTURE_AUTORELEASING = YES;
				CLANG_WARN_BOOL_CONVERSION = YES;
				CLANG_WARN_COMMA = YES;
				CLANG_WARN_CONSTANT_CONVERSION = YES;
				CLANG_WARN_DEPRECATED_OBJC_IMPLEMENTATIONS = YES;
				CLANG_WARN_DIRECT_OBJC_ISA_USAGE = YES_ERROR;
				CLANG_WARN_DOCUMENTATION_COMMENTS = YES;
				CLANG_WARN_EMPTY_BODY = YES;
				CLANG_WARN_ENUM_CONVERSION = YES;
				CLANG_WARN_INFINITE_RECURSION = YES;
				CLANG_WARN_INT_CONVERSION = YES;
				CLANG_WARN_NON_LITERAL_NULL_CONVERSION = YES;
				CLANG_WARN_OBJC_IMPLICIT_RETAIN_SELF = YES;
				CLANG_WARN_OBJC_LITERAL_CONVERSION = YES;
				CLANG_WARN_OBJC_ROOT_CLASS = YES_ERROR;
				CLANG_WARN_QUOTED_INCLUDE_IN_FRAMEWORK_HEADER = YES;
				CLANG_WARN_RANGE_LOOP_ANALYSIS = YES;
				CLANG_WARN_STRICT_PROTOTYPES = YES;
				CLANG_WARN_SUSPICIOUS_MOVE = YES;
				CLANG_WARN_UNGUARDED_AVAILABILITY = YES_AGGRESSIVE;
				CLANG_WARN_UNREACHABLE_CODE = YES;
				CLANG_WARN__DUPLICATE_METHOD_MATCH = YES;
				COPY_PHASE_STRIP = NO;
				DEBUG_INFORMATION_FORMAT = dwarf;
				ENABLE_STRICT_OBJC_MSGSEND = YES;
				ENABLE_TESTABILITY = YES;
				GCC_C_LANGUAGE_STANDARD = gnu11;
				GCC_DYNAMIC_NO_PIC = NO;
				GCC_NO_COMMON_BLOCKS = YES;
				GCC_OPTIMIZATION_LEVEL = 0;
				GCC_PREPROCESSOR_DEFINITIONS = (
					"DEBUG=1",
					"$(inherited)",
				);
				GCC_WARN_64_TO_32_BIT_CONVERSION = YES;
				GCC_WARN_ABOUT_RETURN_TYPE = YES_ERROR;
				GCC_WARN_UNDECLARED_SELECTOR = YES;
				GCC_WARN_UNINITIALIZED_AUTOS = YES_AGGRESSIVE;
				GCC_WARN_UNUSED_FUNCTION = YES;
				GCC_WARN_UNUSED_VARIABLE = YES;
				MACOSX_DEPLOYMENT_TARGET = 11.3;
				MTL_ENABLE_DEBUG_INFO = INCLUDE_SOURCE;
				MTL_FAST_MATH = YES;
				ONLY_ACTIVE_ARCH = YES;
				SDKROOT = macosx;
			};
			name = Debug;
		};
		B2FE34F726248A4500AFC236 /* Release */ = {
			isa = XCBuildConfiguration;
			buildSettings = {
				ALWAYS_SEARCH_USER_PATHS = NO;
				CLANG_ANALYZER_NONNULL = YES;
				CLANG_ANALYZER_NUMBER_OBJECT_CONVERSION = YES_AGGRESSIVE;
				CLANG_CXX_LANGUAGE_STANDARD = "gnu++14";
				CLANG_CXX_LIBRARY = "libc++";
				CLANG_ENABLE_MODULES = YES;
				CLANG_ENABLE_OBJC_ARC = YES;
				CLANG_ENABLE_OBJC_WEAK = YES;
				CLANG_WARN_BLOCK_CAPTURE_AUTORELEASING = YES;
				CLANG_WARN_BOOL_CONVERSION = YES;
				CLANG_WARN_COMMA = YES;
				CLANG_WARN_CONSTANT_CONVERSION = YES;
				CLANG_WARN_DEPRECATED_OBJC_IMPLEMENTATIONS = YES;
				CLANG_WARN_DIRECT_OBJC_ISA_USAGE = YES_ERROR;
				CLANG_WARN_DOCUMENTATION_COMMENTS = YES;
				CLANG_WARN_EMPTY_BODY = YES;
				CLANG_WARN_ENUM_CONVERSION = YES;
				CLANG_WARN_INFINITE_RECURSION = YES;
				CLANG_WARN_INT_CONVERSION = YES;
				CLANG_WARN_NON_LITERAL_NULL_CONVERSION = YES;
				CLANG_WARN_OBJC_IMPLICIT_RETAIN_SELF = YES;
				CLANG_WARN_OBJC_LITERAL_CONVERSION = YES;
				CLANG_WARN_OBJC_ROOT_CLASS = YES_ERROR;
				CLANG_WARN_QUOTED_INCLUDE_IN_FRAMEWORK_HEADER = YES;
				CLANG_WARN_RANGE_LOOP_ANALYSIS = YES;
				CLANG_WARN_STRICT_PROTOTYPES = YES;
				CLANG_WARN_SUSPICIOUS_MOVE = YES;
				CLANG_WARN_UNGUARDED_AVAILABILITY = YES_AGGRESSIVE;
				CLANG_WARN_UNREACHABLE_CODE = YES;
				CLANG_WARN__DUPLICATE_METHOD_MATCH = YES;
				COPY_PHASE_STRIP = NO;
				DEBUG_INFORMATION_FORMAT = "dwarf-with-dsym";
				ENABLE_NS_ASSERTIONS = NO;
				ENABLE_STRICT_OBJC_MSGSEND = YES;
				GCC_C_LANGUAGE_STANDARD = gnu11;
				GCC_NO_COMMON_BLOCKS = YES;
				GCC_WARN_64_TO_32_BIT_CONVERSION = YES;
				GCC_WARN_ABOUT_RETURN_TYPE = YES_ERROR;
				GCC_WARN_UNDECLARED_SELECTOR = YES;
				GCC_WARN_UNINITIALIZED_AUTOS = YES_AGGRESSIVE;
				GCC_WARN_UNUSED_FUNCTION = YES;
				GCC_WARN_UNUSED_VARIABLE = YES;
				MACOSX_DEPLOYMENT_TARGET = 11.3;
				MTL_ENABLE_DEBUG_INFO = NO;
				MTL_FAST_MATH = YES;
				SDKROOT = macosx;
			};
			name = Release;
		};
		B2FE34F926248A4500AFC236 /* Debug */ = {
			isa = XCBuildConfiguration;
			buildSettings = {
				CLANG_CXX_LANGUAGE_STANDARD = "c++17";
				CODE_SIGN_STYLE = Automatic;
				EXECUTABLE_PREFIX = lib;
				GCC_PRECOMPILE_PREFIX_HEADER = YES;
				GCC_PREFIX_HEADER = "${PROJECT_DIR}/src/PrefixHeader.pch";
				GCC_PREPROCESSOR_DEFINITIONS = (
					"DEBUG=1",
					"$(inherited)",
					IK_ENABLE_LOG,
					IK_ENABLE_ASSERT,
					IK_PLATFORM_MAC,
				);
				GCC_WARN_UNUSED_FUNCTION = YES;
				GCC_WARN_UNUSED_LABEL = NO;
				GCC_WARN_UNUSED_PARAMETER = NO;
				GCC_WARN_UNUSED_VARIABLE = YES;
				HEADER_SEARCH_PATHS = (
					"${PROJECT_DIR}/src",
					"${PROJECT_DIR}/vendor/spdlog/include",
					"${PROJECT_DIR}/vendor/glfw/include",
					"${PROJECT_DIR}/vendor/Glad/include",
					"${PROJECT_DIR}/vendor/Imgui/Imgui",
					"${PROJECT_DIR}/vendor/glm",
					"${PROJECT_DIR}/vendor/stbimage",
					"${PROJECT_DIR}/vendor/EnTT/include",
					"${PROJECT_DIR}/vendor/yaml/yaml/include",
					"${PROJECT_DIR}/vendor/box2D/box2D/include",
					"${PROJECT_DIR}/vendor/imguizmo",
				);
				LIBRARY_SEARCH_PATHS = (
					"$(inherited)",
					"$(PROJECT_DIR)/vendor/glfw/lib",
					"$(PROJECT_DIR)/vendor/Imgui/src/freetype/lib",
					"$(PROJECT_DIR)/vendor/Imgui/src/SDL/lib",
					"$(PROJECT_DIR)/vendor/Imgui/src/examples/libs/glfw/lib-vc2010-64",
					"$(PROJECT_DIR)/vendor/Imgui/src/examples/libs/glfw/lib-vc2010-32",
				);
				PRODUCT_NAME = "$(TARGET_NAME)";
				SKIP_INSTALL = YES;
			};
			name = Debug;
		};
		B2FE34FA26248A4500AFC236 /* Release */ = {
			isa = XCBuildConfiguration;
			buildSettings = {
				CLANG_CXX_LANGUAGE_STANDARD = "c++17";
				CODE_SIGN_STYLE = Automatic;
				EXECUTABLE_PREFIX = lib;
				GCC_PRECOMPILE_PREFIX_HEADER = YES;
				GCC_PREFIX_HEADER = "${PROJECT_DIR}/src/PrefixHeader.pch";
				GCC_PREPROCESSOR_DEFINITIONS = (
					IK_ENABLE_ASSERT,
					IK_PLATFORM_MAC,
				);
				GCC_WARN_UNUSED_FUNCTION = YES;
				GCC_WARN_UNUSED_LABEL = NO;
				GCC_WARN_UNUSED_PARAMETER = NO;
				GCC_WARN_UNUSED_VARIABLE = YES;
				HEADER_SEARCH_PATHS = (
					"${PROJECT_DIR}/src",
					"${PROJECT_DIR}/vendor/spdlog/include",
					"${PROJECT_DIR}/vendor/glfw/include",
					"${PROJECT_DIR}/vendor/Glad/include",
					"${PROJECT_DIR}/vendor/Imgui/Imgui",
					"${PROJECT_DIR}/vendor/glm",
					"${PROJECT_DIR}/vendor/stbimage",
					"${PROJECT_DIR}/vendor/EnTT/include",
					"${PROJECT_DIR}/vendor/yaml/yaml/include",
					"${PROJECT_DIR}/vendor/box2D/box2D/include",
					"${PROJECT_DIR}/vendor/imguizmo",
				);
				LIBRARY_SEARCH_PATHS = (
					"$(inherited)",
					"$(PROJECT_DIR)/vendor/glfw/lib",
					"$(PROJECT_DIR)/vendor/Imgui/src/freetype/lib",
					"$(PROJECT_DIR)/vendor/Imgui/src/SDL/lib",
					"$(PROJECT_DIR)/vendor/Imgui/src/examples/libs/glfw/lib-vc2010-64",
					"$(PROJECT_DIR)/vendor/Imgui/src/examples/libs/glfw/lib-vc2010-32",
				);
				PRODUCT_NAME = "$(TARGET_NAME)";
				SKIP_INSTALL = YES;
			};
			name = Release;
		};
/* End XCBuildConfiguration section */

/* Begin XCConfigurationList section */
		B2FE34EF26248A4500AFC236 /* Build configuration list for PBXProject "iKan" */ = {
			isa = XCConfigurationList;
			buildConfigurations = (
				B2FE34F626248A4500AFC236 /* Debug */,
				B2FE34F726248A4500AFC236 /* Release */,
			);
			defaultConfigurationIsVisible = 0;
			defaultConfigurationName = Release;
		};
		B2FE34F826248A4500AFC236 /* Build configuration list for PBXNativeTarget "iKan" */ = {
			isa = XCConfigurationList;
			buildConfigurations = (
				B2FE34F926248A4500AFC236 /* Debug */,
				B2FE34FA26248A4500AFC236 /* Release */,
			);
			defaultConfigurationIsVisible = 0;
			defaultConfigurationName = Release;
		};
/* End XCConfigurationList section */
	};
	rootObject = B2FE34EC26248A4500AFC236 /* Project object */;
}
