// !$*UTF8*$!
{
	archiveVersion = 1;
	classes = {
	};
	objectVersion = 50;
	objects = {

/* Begin PBXBuildFile section */
		75668964269430B40007EA8D /* libassimp.5.dylib in Frameworks */ = {isa = PBXBuildFile; fileRef = 75668963269430B40007EA8D /* libassimp.5.dylib */; };
		75668965269433140007EA8D /* libassimp.5.dylib in CopyFiles */ = {isa = PBXBuildFile; fileRef = 75668963269430B40007EA8D /* libassimp.5.dylib */; settings = {ATTRIBUTES = (CodeSignOnCopy, ); }; };
		75668966269433390007EA8D /* libIrrXML.dylib in CopyFiles */ = {isa = PBXBuildFile; fileRef = 75668961269430A50007EA8D /* libIrrXML.dylib */; settings = {ATTRIBUTES = (CodeSignOnCopy, ); }; };
		75668967269433500007EA8D /* libIrrXML.dylib in Frameworks */ = {isa = PBXBuildFile; fileRef = 75668961269430A50007EA8D /* libIrrXML.dylib */; };
		7589D20F2677448700EB43D9 /* IKanEditor.cpp in Sources */ = {isa = PBXBuildFile; fileRef = 7589D20D2677448700EB43D9 /* IKanEditor.cpp */; };
		B254585C262893080053BD47 /* IOKit.framework in Frameworks */ = {isa = PBXBuildFile; fileRef = B25684C526274C0F0030D00D /* IOKit.framework */; };
		B254585E2628930D0053BD47 /* OpenGL.framework in Frameworks */ = {isa = PBXBuildFile; fileRef = B254585D2628930D0053BD47 /* OpenGL.framework */; };
		B254585F262893120053BD47 /* Cocoa.framework in Frameworks */ = {isa = PBXBuildFile; fileRef = B25684C326274C090030D00D /* Cocoa.framework */; };
		B2FE350826248AF200AFC236 /* EditorApp.cpp in Sources */ = {isa = PBXBuildFile; fileRef = B2FE350726248AF200AFC236 /* EditorApp.cpp */; };
		B2FE35182624B5CA00AFC236 /* libiKan.a in Frameworks */ = {isa = PBXBuildFile; fileRef = B2FE35172624B5CA00AFC236 /* libiKan.a */; };
/* End PBXBuildFile section */

/* Begin PBXCopyFilesBuildPhase section */
		B2FE350226248AF200AFC236 /* CopyFiles */ = {
			isa = PBXCopyFilesBuildPhase;
			buildActionMask = 12;
			dstPath = "";
			dstSubfolderSpec = 6;
			files = (
				75668966269433390007EA8D /* libIrrXML.dylib in CopyFiles */,
				75668965269433140007EA8D /* libassimp.5.dylib in CopyFiles */,
			);
			runOnlyForDeploymentPostprocessing = 0;
		};
/* End PBXCopyFilesBuildPhase section */

/* Begin PBXFileReference section */
		75668961269430A50007EA8D /* libIrrXML.dylib */ = {isa = PBXFileReference; lastKnownFileType = "compiled.mach-o.dylib"; name = libIrrXML.dylib; path = ../iKan/vendor/Assimp/lib/libIrrXML.dylib; sourceTree = "<group>"; };
		75668963269430B40007EA8D /* libassimp.5.dylib */ = {isa = PBXFileReference; lastKnownFileType = "compiled.mach-o.dylib"; name = libassimp.5.dylib; path = ../iKan/vendor/Assimp/lib/libassimp.5.dylib; sourceTree = "<group>"; };
		7589D20D2677448700EB43D9 /* IKanEditor.cpp */ = {isa = PBXFileReference; lastKnownFileType = sourcecode.cpp.cpp; path = IKanEditor.cpp; sourceTree = "<group>"; };
		7589D20E2677448700EB43D9 /* IKanEditor.h */ = {isa = PBXFileReference; lastKnownFileType = sourcecode.c.h; path = IKanEditor.h; sourceTree = "<group>"; };
		B254585D2628930D0053BD47 /* OpenGL.framework */ = {isa = PBXFileReference; lastKnownFileType = wrapper.framework; name = OpenGL.framework; path = System/Library/Frameworks/OpenGL.framework; sourceTree = SDKROOT; };
		B25684C326274C090030D00D /* Cocoa.framework */ = {isa = PBXFileReference; lastKnownFileType = wrapper.framework; name = Cocoa.framework; path = System/Library/Frameworks/Cocoa.framework; sourceTree = SDKROOT; };
		B25684C526274C0F0030D00D /* IOKit.framework */ = {isa = PBXFileReference; lastKnownFileType = wrapper.framework; name = IOKit.framework; path = System/Library/Frameworks/IOKit.framework; sourceTree = SDKROOT; };
		B2782461263C30A6009BB380 /* libGlad.a */ = {isa = PBXFileReference; explicitFileType = archive.ar; path = libGlad.a; sourceTree = BUILT_PRODUCTS_DIR; };
		B27B4DA2263B0033000AC7B5 /* libglfw3.a */ = {isa = PBXFileReference; lastKnownFileType = archive.ar; name = libglfw3.a; path = ../iKan/vendor/glfw/lib/libglfw3.a; sourceTree = "<group>"; };
		B2FE350426248AF200AFC236 /* Editor */ = {isa = PBXFileReference; explicitFileType = "compiled.mach-o.executable"; includeInIndex = 0; path = Editor; sourceTree = BUILT_PRODUCTS_DIR; };
		B2FE350726248AF200AFC236 /* EditorApp.cpp */ = {isa = PBXFileReference; lastKnownFileType = sourcecode.cpp.cpp; path = EditorApp.cpp; sourceTree = "<group>"; };
		B2FE35172624B5CA00AFC236 /* libiKan.a */ = {isa = PBXFileReference; explicitFileType = archive.ar; path = libiKan.a; sourceTree = BUILT_PRODUCTS_DIR; };
/* End PBXFileReference section */

/* Begin PBXFrameworksBuildPhase section */
		B2FE350126248AF200AFC236 /* Frameworks */ = {
			isa = PBXFrameworksBuildPhase;
			buildActionMask = 2147483647;
			files = (
				75668967269433500007EA8D /* libIrrXML.dylib in Frameworks */,
				75668964269430B40007EA8D /* libassimp.5.dylib in Frameworks */,
				B254585F262893120053BD47 /* Cocoa.framework in Frameworks */,
				B254585E2628930D0053BD47 /* OpenGL.framework in Frameworks */,
				B254585C262893080053BD47 /* IOKit.framework in Frameworks */,
				B2FE35182624B5CA00AFC236 /* libiKan.a in Frameworks */,
			);
			runOnlyForDeploymentPostprocessing = 0;
		};
/* End PBXFrameworksBuildPhase section */

/* Begin PBXGroup section */
		B27D609E263D9FFE00954BB6 /* assets */ = {
			isa = PBXGroup;
			children = (
				B27D609F263DA00600954BB6 /* resources */,
			);
			path = assets;
			sourceTree = "<group>";
		};
		B27D609F263DA00600954BB6 /* resources */ = {
			isa = PBXGroup;
			children = (
			);
			path = resources;
			sourceTree = "<group>";
		};
		B2FE34FB26248AF200AFC236 = {
			isa = PBXGroup;
			children = (
				B27D609E263D9FFE00954BB6 /* assets */,
				B2FE350626248AF200AFC236 /* src */,
				B2FE350526248AF200AFC236 /* Products */,
				B2FE35162624B5CA00AFC236 /* Frameworks */,
			);
			sourceTree = "<group>";
		};
		B2FE350526248AF200AFC236 /* Products */ = {
			isa = PBXGroup;
			children = (
				B2FE350426248AF200AFC236 /* Editor */,
			);
			name = Products;
			sourceTree = "<group>";
		};
		B2FE350626248AF200AFC236 /* src */ = {
			isa = PBXGroup;
			children = (
				B2FE350726248AF200AFC236 /* EditorApp.cpp */,
				7589D20D2677448700EB43D9 /* IKanEditor.cpp */,
				7589D20E2677448700EB43D9 /* IKanEditor.h */,
			);
			path = src;
			sourceTree = "<group>";
		};
		B2FE35162624B5CA00AFC236 /* Frameworks */ = {
			isa = PBXGroup;
			children = (
				75668963269430B40007EA8D /* libassimp.5.dylib */,
				75668961269430A50007EA8D /* libIrrXML.dylib */,
				B2782461263C30A6009BB380 /* libGlad.a */,
				B27B4DA2263B0033000AC7B5 /* libglfw3.a */,
				B254585D2628930D0053BD47 /* OpenGL.framework */,
				B25684C526274C0F0030D00D /* IOKit.framework */,
				B25684C326274C090030D00D /* Cocoa.framework */,
				B2FE35172624B5CA00AFC236 /* libiKan.a */,
			);
			name = Frameworks;
			sourceTree = "<group>";
		};
/* End PBXGroup section */

/* Begin PBXNativeTarget section */
		B2FE350326248AF200AFC236 /* Editor */ = {
			isa = PBXNativeTarget;
			buildConfigurationList = B2FE350B26248AF200AFC236 /* Build configuration list for PBXNativeTarget "Editor" */;
			buildPhases = (
				B2FE350026248AF200AFC236 /* Sources */,
				B2FE350126248AF200AFC236 /* Frameworks */,
				B2FE350226248AF200AFC236 /* CopyFiles */,
			);
			buildRules = (
			);
			dependencies = (
			);
			name = Editor;
			productName = Editor;
			productReference = B2FE350426248AF200AFC236 /* Editor */;
			productType = "com.apple.product-type.tool";
		};
/* End PBXNativeTarget section */

/* Begin PBXProject section */
		B2FE34FC26248AF200AFC236 /* Project object */ = {
			isa = PBXProject;
			attributes = {
				DefaultBuildSystemTypeForWorkspace = Original;
				LastUpgradeCheck = 1250;
				TargetAttributes = {
					B2FE350326248AF200AFC236 = {
						CreatedOnToolsVersion = 12.4;
					};
				};
			};
			buildConfigurationList = B2FE34FF26248AF200AFC236 /* Build configuration list for PBXProject "Editor" */;
			compatibilityVersion = "Xcode 9.3";
			developmentRegion = en;
			hasScannedForEncodings = 0;
			knownRegions = (
				en,
				Base,
			);
			mainGroup = B2FE34FB26248AF200AFC236;
			productRefGroup = B2FE350526248AF200AFC236 /* Products */;
			projectDirPath = "";
			projectRoot = "";
			targets = (
				B2FE350326248AF200AFC236 /* Editor */,
			);
		};
/* End PBXProject section */

/* Begin PBXSourcesBuildPhase section */
		B2FE350026248AF200AFC236 /* Sources */ = {
			isa = PBXSourcesBuildPhase;
			buildActionMask = 2147483647;
			files = (
				7589D20F2677448700EB43D9 /* IKanEditor.cpp in Sources */,
				B2FE350826248AF200AFC236 /* EditorApp.cpp in Sources */,
			);
			runOnlyForDeploymentPostprocessing = 0;
		};
/* End PBXSourcesBuildPhase section */

/* Begin XCBuildConfiguration section */
		B2FE350926248AF200AFC236 /* Debug */ = {
			isa = XCBuildConfiguration;
			buildSettings = {
				ALWAYS_SEARCH_USER_PATHS = NO;
				CLANG_ANALYZER_NONNULL = YES;
				CLANG_ANALYZER_NUMBER_OBJECT_CONVERSION = YES_AGGRESSIVE;
				CLANG_CXX_LANGUAGE_STANDARD = "gnu++14";
				CLANG_CXX_LIBRARY = "libc++";
				CLANG_ENABLE_MODULES = YES;
				CLANG_ENABLE_OBJC_ARC = YES;
				CLANG_ENABLE_OBJC_WEAK = YES;
				CLANG_WARN_BLOCK_CAPTURE_AUTORELEASING = YES;
				CLANG_WARN_BOOL_CONVERSION = YES;
				CLANG_WARN_COMMA = YES;
				CLANG_WARN_CONSTANT_CONVERSION = YES;
				CLANG_WARN_DEPRECATED_OBJC_IMPLEMENTATIONS = YES;
				CLANG_WARN_DIRECT_OBJC_ISA_USAGE = YES_ERROR;
				CLANG_WARN_DOCUMENTATION_COMMENTS = YES;
				CLANG_WARN_EMPTY_BODY = YES;
				CLANG_WARN_ENUM_CONVERSION = YES;
				CLANG_WARN_INFINITE_RECURSION = YES;
				CLANG_WARN_INT_CONVERSION = YES;
				CLANG_WARN_NON_LITERAL_NULL_CONVERSION = YES;
				CLANG_WARN_OBJC_IMPLICIT_RETAIN_SELF = YES;
				CLANG_WARN_OBJC_LITERAL_CONVERSION = YES;
				CLANG_WARN_OBJC_ROOT_CLASS = YES_ERROR;
				CLANG_WARN_QUOTED_INCLUDE_IN_FRAMEWORK_HEADER = YES;
				CLANG_WARN_RANGE_LOOP_ANALYSIS = YES;
				CLANG_WARN_STRICT_PROTOTYPES = YES;
				CLANG_WARN_SUSPICIOUS_MOVE = YES;
				CLANG_WARN_UNGUARDED_AVAILABILITY = YES_AGGRESSIVE;
				CLANG_WARN_UNREACHABLE_CODE = YES;
				CLANG_WARN__DUPLICATE_METHOD_MATCH = YES;
				COPY_PHASE_STRIP = NO;
				DEBUG_INFORMATION_FORMAT = dwarf;
				ENABLE_STRICT_OBJC_MSGSEND = YES;
				ENABLE_TESTABILITY = YES;
				GCC_C_LANGUAGE_STANDARD = gnu11;
				GCC_DYNAMIC_NO_PIC = NO;
				GCC_NO_COMMON_BLOCKS = YES;
				GCC_OPTIMIZATION_LEVEL = 0;
				GCC_PREPROCESSOR_DEFINITIONS = (
					"DEBUG=1",
					"$(inherited)",
				);
				GCC_WARN_64_TO_32_BIT_CONVERSION = YES;
				GCC_WARN_ABOUT_RETURN_TYPE = YES_ERROR;
				GCC_WARN_UNDECLARED_SELECTOR = YES;
				GCC_WARN_UNINITIALIZED_AUTOS = YES_AGGRESSIVE;
				GCC_WARN_UNUSED_FUNCTION = YES;
				GCC_WARN_UNUSED_VARIABLE = YES;
				MACOSX_DEPLOYMENT_TARGET = 11.3;
				MTL_ENABLE_DEBUG_INFO = INCLUDE_SOURCE;
				MTL_FAST_MATH = YES;
				ONLY_ACTIVE_ARCH = YES;
				SDKROOT = macosx;
			};
			name = Debug;
		};
		B2FE350A26248AF200AFC236 /* Release */ = {
			isa = XCBuildConfiguration;
			buildSettings = {
				ALWAYS_SEARCH_USER_PATHS = NO;
				CLANG_ANALYZER_NONNULL = YES;
				CLANG_ANALYZER_NUMBER_OBJECT_CONVERSION = YES_AGGRESSIVE;
				CLANG_CXX_LANGUAGE_STANDARD = "gnu++14";
				CLANG_CXX_LIBRARY = "libc++";
				CLANG_ENABLE_MODULES = YES;
				CLANG_ENABLE_OBJC_ARC = YES;
				CLANG_ENABLE_OBJC_WEAK = YES;
				CLANG_WARN_BLOCK_CAPTURE_AUTORELEASING = YES;
				CLANG_WARN_BOOL_CONVERSION = YES;
				CLANG_WARN_COMMA = YES;
				CLANG_WARN_CONSTANT_CONVERSION = YES;
				CLANG_WARN_DEPRECATED_OBJC_IMPLEMENTATIONS = YES;
				CLANG_WARN_DIRECT_OBJC_ISA_USAGE = YES_ERROR;
				CLANG_WARN_DOCUMENTATION_COMMENTS = YES;
				CLANG_WARN_EMPTY_BODY = YES;
				CLANG_WARN_ENUM_CONVERSION = YES;
				CLANG_WARN_INFINITE_RECURSION = YES;
				CLANG_WARN_INT_CONVERSION = YES;
				CLANG_WARN_NON_LITERAL_NULL_CONVERSION = YES;
				CLANG_WARN_OBJC_IMPLICIT_RETAIN_SELF = YES;
				CLANG_WARN_OBJC_LITERAL_CONVERSION = YES;
				CLANG_WARN_OBJC_ROOT_CLASS = YES_ERROR;
				CLANG_WARN_QUOTED_INCLUDE_IN_FRAMEWORK_HEADER = YES;
				CLANG_WARN_RANGE_LOOP_ANALYSIS = YES;
				CLANG_WARN_STRICT_PROTOTYPES = YES;
				CLANG_WARN_SUSPICIOUS_MOVE = YES;
				CLANG_WARN_UNGUARDED_AVAILABILITY = YES_AGGRESSIVE;
				CLANG_WARN_UNREACHABLE_CODE = YES;
				CLANG_WARN__DUPLICATE_METHOD_MATCH = YES;
				COPY_PHASE_STRIP = NO;
				DEBUG_INFORMATION_FORMAT = "dwarf-with-dsym";
				ENABLE_NS_ASSERTIONS = NO;
				ENABLE_STRICT_OBJC_MSGSEND = YES;
				GCC_C_LANGUAGE_STANDARD = gnu11;
				GCC_NO_COMMON_BLOCKS = YES;
				GCC_WARN_64_TO_32_BIT_CONVERSION = YES;
				GCC_WARN_ABOUT_RETURN_TYPE = YES_ERROR;
				GCC_WARN_UNDECLARED_SELECTOR = YES;
				GCC_WARN_UNINITIALIZED_AUTOS = YES_AGGRESSIVE;
				GCC_WARN_UNUSED_FUNCTION = YES;
				GCC_WARN_UNUSED_VARIABLE = YES;
				MACOSX_DEPLOYMENT_TARGET = 11.3;
				MTL_ENABLE_DEBUG_INFO = NO;
				MTL_FAST_MATH = YES;
				SDKROOT = macosx;
			};
			name = Release;
		};
		B2FE350C26248AF200AFC236 /* Debug */ = {
			isa = XCBuildConfiguration;
			buildSettings = {
				CLANG_CXX_LANGUAGE_STANDARD = "c++17";
				CODE_SIGN_IDENTITY = "-";
				CODE_SIGN_STYLE = Automatic;
				DEVELOPMENT_TEAM = 78KTXZ99TW;
				GCC_PRECOMPILE_PREFIX_HEADER = YES;
				GCC_PREFIX_HEADER = "${PROJECT_DIR}/../iKan/src/PrefixHeader.pch";
				GCC_PREPROCESSOR_DEFINITIONS = (
					"DEBUG=1",
					"$(inherited)",
					IK_ENABLE_ASSERT,
					IK_ENABLE_LOG,
				);
				HEADER_SEARCH_PATHS = (
					"${PROJECT_DIR}/../iKan/src",
					"${PROJECT_DIR}/../iKan/vendor/spdlog/include",
					"${PROJECT_DIR}/../iKan/vendor/Imgui/Imgui",
					"${PROJECT_DIR}/../iKan/vendor/glm",
					"${PROJECT_DIR}/../iKan/vendor/EnTT/include",
				);
				LIBRARY_SEARCH_PATHS = "${PROJECT_DIR}/../iKan/vendor/Assimp/lib";
				PRODUCT_NAME = "$(TARGET_NAME)";
			};
			name = Debug;
		};
		B2FE350D26248AF200AFC236 /* Release */ = {
			isa = XCBuildConfiguration;
			buildSettings = {
				CLANG_CXX_LANGUAGE_STANDARD = "c++17";
				CODE_SIGN_IDENTITY = "-";
				CODE_SIGN_STYLE = Automatic;
				DEVELOPMENT_TEAM = 78KTXZ99TW;
				GCC_PRECOMPILE_PREFIX_HEADER = YES;
				GCC_PREFIX_HEADER = "${PROJECT_DIR}/../iKan/src/PrefixHeader.pch";
				GCC_PREPROCESSOR_DEFINITIONS = IK_ENABLE_ASSERT;
				HEADER_SEARCH_PATHS = (
					"${PROJECT_DIR}/../iKan/src",
					"${PROJECT_DIR}/../iKan/vendor/spdlog/include",
					"${PROJECT_DIR}/../iKan/vendor/Imgui/Imgui",
					"${PROJECT_DIR}/../iKan/vendor/glm",
					"${PROJECT_DIR}/../iKan/vendor/EnTT/include",
				);
				LIBRARY_SEARCH_PATHS = "${PROJECT_DIR}/../iKan/vendor/Assimp/lib";
				PRODUCT_NAME = "$(TARGET_NAME)";
			};
			name = Release;
		};
/* End XCBuildConfiguration section */

/* Begin XCConfigurationList section */
		B2FE34FF26248AF200AFC236 /* Build configuration list for PBXProject "Editor" */ = {
			isa = XCConfigurationList;
			buildConfigurations = (
				B2FE350926248AF200AFC236 /* Debug */,
				B2FE350A26248AF200AFC236 /* Release */,
			);
			defaultConfigurationIsVisible = 0;
			defaultConfigurationName = Release;
		};
		B2FE350B26248AF200AFC236 /* Build configuration list for PBXNativeTarget "Editor" */ = {
			isa = XCConfigurationList;
			buildConfigurations = (
				B2FE350C26248AF200AFC236 /* Debug */,
				B2FE350D26248AF200AFC236 /* Release */,
			);
			defaultConfigurationIsVisible = 0;
			defaultConfigurationName = Release;
		};
/* End XCConfigurationList section */
	};
	rootObject = B2FE34FC26248AF200AFC236 /* Project object */;
}
