// !$*UTF8*$!
{
	archiveVersion = 1;
	classes = {
	};
	objectVersion = 50;
	objects = {

/* Begin PBXBuildFile section */
		755FC0592645A36100F670FA /* Background.cpp in Sources */ = {isa = PBXBuildFile; fileRef = 755FC0572645A36100F670FA /* Background.cpp */; };
		758154F82642D16B0062AE00 /* MarioApp.cpp in Sources */ = {isa = PBXBuildFile; fileRef = 758154F72642D16B0062AE00 /* MarioApp.cpp */; };
		758155002642D1FB0062AE00 /* libiKan.a in Frameworks */ = {isa = PBXBuildFile; fileRef = 758154FF2642D1FB0062AE00 /* libiKan.a */; };
		758155022642D1FF0062AE00 /* Cocoa.framework in Frameworks */ = {isa = PBXBuildFile; fileRef = 758155012642D1FF0062AE00 /* Cocoa.framework */; };
		758155042642D2070062AE00 /* IOKit.framework in Frameworks */ = {isa = PBXBuildFile; fileRef = 758155032642D2070062AE00 /* IOKit.framework */; };
		758155062642D20D0062AE00 /* OpenGL.framework in Frameworks */ = {isa = PBXBuildFile; fileRef = 758155052642D20C0062AE00 /* OpenGL.framework */; };
		758155092642D9AC0062AE00 /* MarioLayer.cpp in Sources */ = {isa = PBXBuildFile; fileRef = 758155072642D9AC0062AE00 /* MarioLayer.cpp */; };
/* End PBXBuildFile section */

/* Begin PBXCopyFilesBuildPhase section */
		758154F22642D16B0062AE00 /* CopyFiles */ = {
			isa = PBXCopyFilesBuildPhase;
			buildActionMask = 2147483647;
			dstPath = /usr/share/man/man1/;
			dstSubfolderSpec = 0;
			files = (
			);
			runOnlyForDeploymentPostprocessing = 1;
		};
/* End PBXCopyFilesBuildPhase section */

/* Begin PBXFileReference section */
		755FC0572645A36100F670FA /* Background.cpp */ = {isa = PBXFileReference; lastKnownFileType = sourcecode.cpp.cpp; path = Background.cpp; sourceTree = "<group>"; };
		755FC0582645A36100F670FA /* Background.h */ = {isa = PBXFileReference; lastKnownFileType = sourcecode.c.h; path = Background.h; sourceTree = "<group>"; };
		755FC05D2645ACC400F670FA /* main_theme.ogg */ = {isa = PBXFileReference; lastKnownFileType = file; path = main_theme.ogg; sourceTree = "<group>"; };
		755FC05E2645ACC400F670FA /* flagpole.wav */ = {isa = PBXFileReference; lastKnownFileType = audio.wav; path = flagpole.wav; sourceTree = "<group>"; };
		755FC05F2645ACC400F670FA /* invincible.ogg */ = {isa = PBXFileReference; lastKnownFileType = file; path = invincible.ogg; sourceTree = "<group>"; };
		755FC0602645ACC400F670FA /* main_theme_sped_up.ogg */ = {isa = PBXFileReference; lastKnownFileType = file; path = main_theme_sped_up.ogg; sourceTree = "<group>"; };
		755FC0612645ACC400F670FA /* __init__.py */ = {isa = PBXFileReference; fileEncoding = 4; lastKnownFileType = text.script.python; path = __init__.py; sourceTree = "<group>"; };
		755FC0622645ACC400F670FA /* out_of_time.wav */ = {isa = PBXFileReference; lastKnownFileType = audio.wav; path = out_of_time.wav; sourceTree = "<group>"; };
		755FC0632645ACC400F670FA /* stage_clear.wav */ = {isa = PBXFileReference; lastKnownFileType = audio.wav; path = stage_clear.wav; sourceTree = "<group>"; };
		755FC0642645ACC400F670FA /* game_over.ogg */ = {isa = PBXFileReference; lastKnownFileType = file; path = game_over.ogg; sourceTree = "<group>"; };
		755FC0652645ACC400F670FA /* death.wav */ = {isa = PBXFileReference; lastKnownFileType = audio.wav; path = death.wav; sourceTree = "<group>"; };
		755FC0662645ACC400F670FA /* world_clear.wav */ = {isa = PBXFileReference; lastKnownFileType = audio.wav; path = world_clear.wav; sourceTree = "<group>"; };
		755FC0682645ACC400F670FA /* text_images.png */ = {isa = PBXFileReference; lastKnownFileType = image.png; path = text_images.png; sourceTree = "<group>"; };
		755FC0692645ACC400F670FA /* Enemies.png */ = {isa = PBXFileReference; lastKnownFileType = image.png; path = Enemies.png; sourceTree = "<group>"; };
		755FC06A2645ACC400F670FA /* UnderGround.png */ = {isa = PBXFileReference; lastKnownFileType = image.png; path = UnderGround.png; sourceTree = "<group>"; };
		755FC06B2645ACC400F670FA /* Items.png */ = {isa = PBXFileReference; lastKnownFileType = image.png; path = Items.png; sourceTree = "<group>"; };
		755FC06C2645ACC400F670FA /* Tile.png */ = {isa = PBXFileReference; lastKnownFileType = image.png; path = Tile.png; sourceTree = "<group>"; };
		755FC06E2645ACC400F670FA /* Tile.png */ = {isa = PBXFileReference; lastKnownFileType = image.png; path = Tile.png; sourceTree = "<group>"; };
		755FC06F2645ACC400F670FA /* Bricks.png */ = {isa = PBXFileReference; lastKnownFileType = image.png; path = Bricks.png; sourceTree = "<group>"; };
		755FC0702645ACC400F670FA /* Level1_.png */ = {isa = PBXFileReference; lastKnownFileType = image.png; path = Level1_.png; sourceTree = "<group>"; };
		755FC0712645ACC400F670FA /* StartScreen.png */ = {isa = PBXFileReference; lastKnownFileType = image.png; path = StartScreen.png; sourceTree = "<group>"; };
		755FC0722645ACC400F670FA /* Player.png */ = {isa = PBXFileReference; lastKnownFileType = image.png; path = Player.png; sourceTree = "<group>"; };
		755FC0742645ACC400F670FA /* Mario.ttf */ = {isa = PBXFileReference; lastKnownFileType = file; path = Mario.ttf; sourceTree = "<group>"; };
		755FC0762645ACC400F670FA /* stomp.ogg */ = {isa = PBXFileReference; lastKnownFileType = file; path = stomp.ogg; sourceTree = "<group>"; };
		755FC0772645ACC400F670FA /* bump.ogg */ = {isa = PBXFileReference; lastKnownFileType = file; path = bump.ogg; sourceTree = "<group>"; };
		755FC0782645ACC400F670FA /* powerup_appears.ogg */ = {isa = PBXFileReference; lastKnownFileType = file; path = powerup_appears.ogg; sourceTree = "<group>"; };
		755FC0792645ACC400F670FA /* one_up.ogg */ = {isa = PBXFileReference; lastKnownFileType = file; path = one_up.ogg; sourceTree = "<group>"; };
		755FC07A2645ACC400F670FA /* powerup.ogg */ = {isa = PBXFileReference; lastKnownFileType = file; path = powerup.ogg; sourceTree = "<group>"; };
		755FC07B2645ACC400F670FA /* count_down.ogg */ = {isa = PBXFileReference; lastKnownFileType = file; path = count_down.ogg; sourceTree = "<group>"; };
		755FC07C2645ACC400F670FA /* main_theme_sped_up.ogg */ = {isa = PBXFileReference; lastKnownFileType = file; path = main_theme_sped_up.ogg; sourceTree = "<group>"; };
		755FC07D2645ACC400F670FA /* __init__.py */ = {isa = PBXFileReference; fileEncoding = 4; lastKnownFileType = text.script.python; path = __init__.py; sourceTree = "<group>"; };
		755FC07E2645ACC400F670FA /* big_jump.ogg */ = {isa = PBXFileReference; lastKnownFileType = file; path = big_jump.ogg; sourceTree = "<group>"; };
		755FC07F2645ACC400F670FA /* coin.ogg */ = {isa = PBXFileReference; lastKnownFileType = file; path = coin.ogg; sourceTree = "<group>"; };
		755FC0802645ACC400F670FA /* small_jump.ogg */ = {isa = PBXFileReference; lastKnownFileType = file; path = small_jump.ogg; sourceTree = "<group>"; };
		755FC0812645ACC400F670FA /* pipe.ogg */ = {isa = PBXFileReference; lastKnownFileType = file; path = pipe.ogg; sourceTree = "<group>"; };
		755FC0822645ACC400F670FA /* fireball.ogg */ = {isa = PBXFileReference; lastKnownFileType = file; path = fireball.ogg; sourceTree = "<group>"; };
		755FC0832645ACC400F670FA /* kick.ogg */ = {isa = PBXFileReference; lastKnownFileType = file; path = kick.ogg; sourceTree = "<group>"; };
		755FC0842645ACC400F670FA /* brick_smash.ogg */ = {isa = PBXFileReference; lastKnownFileType = file; path = brick_smash.ogg; sourceTree = "<group>"; };
		758154F42642D16B0062AE00 /* Mario */ = {isa = PBXFileReference; explicitFileType = "compiled.mach-o.executable"; includeInIndex = 0; path = Mario; sourceTree = BUILT_PRODUCTS_DIR; };
		758154F72642D16B0062AE00 /* MarioApp.cpp */ = {isa = PBXFileReference; lastKnownFileType = sourcecode.cpp.cpp; path = MarioApp.cpp; sourceTree = "<group>"; };
		758154FF2642D1FB0062AE00 /* libiKan.a */ = {isa = PBXFileReference; explicitFileType = archive.ar; path = libiKan.a; sourceTree = BUILT_PRODUCTS_DIR; };
		758155012642D1FF0062AE00 /* Cocoa.framework */ = {isa = PBXFileReference; lastKnownFileType = wrapper.framework; name = Cocoa.framework; path = System/Library/Frameworks/Cocoa.framework; sourceTree = SDKROOT; };
		758155032642D2070062AE00 /* IOKit.framework */ = {isa = PBXFileReference; lastKnownFileType = wrapper.framework; name = IOKit.framework; path = System/Library/Frameworks/IOKit.framework; sourceTree = SDKROOT; };
		758155052642D20C0062AE00 /* OpenGL.framework */ = {isa = PBXFileReference; lastKnownFileType = wrapper.framework; name = OpenGL.framework; path = System/Library/Frameworks/OpenGL.framework; sourceTree = SDKROOT; };
		758155072642D9AC0062AE00 /* MarioLayer.cpp */ = {isa = PBXFileReference; lastKnownFileType = sourcecode.cpp.cpp; path = MarioLayer.cpp; sourceTree = "<group>"; };
		758155082642D9AC0062AE00 /* MarioLayer.h */ = {isa = PBXFileReference; lastKnownFileType = sourcecode.c.h; path = MarioLayer.h; sourceTree = "<group>"; };
/* End PBXFileReference section */

/* Begin PBXFrameworksBuildPhase section */
		758154F12642D16B0062AE00 /* Frameworks */ = {
			isa = PBXFrameworksBuildPhase;
			buildActionMask = 2147483647;
			files = (
				758155062642D20D0062AE00 /* OpenGL.framework in Frameworks */,
				758155042642D2070062AE00 /* IOKit.framework in Frameworks */,
				758155022642D1FF0062AE00 /* Cocoa.framework in Frameworks */,
				758155002642D1FB0062AE00 /* libiKan.a in Frameworks */,
			);
			runOnlyForDeploymentPostprocessing = 0;
		};
/* End PBXFrameworksBuildPhase section */

/* Begin PBXGroup section */
		755FC05A2645ACC400F670FA /* assets */ = {
			isa = PBXGroup;
			children = (
				755FC05B2645ACC400F670FA /* Resources */,
			);
			path = assets;
			sourceTree = "<group>";
		};
		755FC05B2645ACC400F670FA /* Resources */ = {
			isa = PBXGroup;
			children = (
				755FC05C2645ACC400F670FA /* Music */,
				755FC0672645ACC400F670FA /* Graphics */,
				755FC0732645ACC400F670FA /* Fonts */,
				755FC0752645ACC400F670FA /* Sound */,
			);
			path = Resources;
			sourceTree = "<group>";
		};
		755FC05C2645ACC400F670FA /* Music */ = {
			isa = PBXGroup;
			children = (
				755FC05D2645ACC400F670FA /* main_theme.ogg */,
				755FC05E2645ACC400F670FA /* flagpole.wav */,
				755FC05F2645ACC400F670FA /* invincible.ogg */,
				755FC0602645ACC400F670FA /* main_theme_sped_up.ogg */,
				755FC0612645ACC400F670FA /* __init__.py */,
				755FC0622645ACC400F670FA /* out_of_time.wav */,
				755FC0632645ACC400F670FA /* stage_clear.wav */,
				755FC0642645ACC400F670FA /* game_over.ogg */,
				755FC0652645ACC400F670FA /* death.wav */,
				755FC0662645ACC400F670FA /* world_clear.wav */,
			);
			path = Music;
			sourceTree = "<group>";
		};
		755FC0672645ACC400F670FA /* Graphics */ = {
			isa = PBXGroup;
			children = (
				755FC0682645ACC400F670FA /* text_images.png */,
				755FC0692645ACC400F670FA /* Enemies.png */,
				755FC06A2645ACC400F670FA /* UnderGround.png */,
				755FC06B2645ACC400F670FA /* Items.png */,
				755FC06C2645ACC400F670FA /* Tile.png */,
				755FC06D2645ACC400F670FA /* StartScreen */,
				755FC06F2645ACC400F670FA /* Bricks.png */,
				755FC0702645ACC400F670FA /* Level1_.png */,
				755FC0712645ACC400F670FA /* StartScreen.png */,
				755FC0722645ACC400F670FA /* Player.png */,
			);
			path = Graphics;
			sourceTree = "<group>";
		};
		755FC06D2645ACC400F670FA /* StartScreen */ = {
			isa = PBXGroup;
			children = (
				755FC06E2645ACC400F670FA /* Tile.png */,
			);
			path = StartScreen;
			sourceTree = "<group>";
		};
		755FC0732645ACC400F670FA /* Fonts */ = {
			isa = PBXGroup;
			children = (
				755FC0742645ACC400F670FA /* Mario.ttf */,
			);
			path = Fonts;
			sourceTree = "<group>";
		};
		755FC0752645ACC400F670FA /* Sound */ = {
			isa = PBXGroup;
			children = (
				755FC0762645ACC400F670FA /* stomp.ogg */,
				755FC0772645ACC400F670FA /* bump.ogg */,
				755FC0782645ACC400F670FA /* powerup_appears.ogg */,
				755FC0792645ACC400F670FA /* one_up.ogg */,
				755FC07A2645ACC400F670FA /* powerup.ogg */,
				755FC07B2645ACC400F670FA /* count_down.ogg */,
				755FC07C2645ACC400F670FA /* main_theme_sped_up.ogg */,
				755FC07D2645ACC400F670FA /* __init__.py */,
				755FC07E2645ACC400F670FA /* big_jump.ogg */,
				755FC07F2645ACC400F670FA /* coin.ogg */,
				755FC0802645ACC400F670FA /* small_jump.ogg */,
				755FC0812645ACC400F670FA /* pipe.ogg */,
				755FC0822645ACC400F670FA /* fireball.ogg */,
				755FC0832645ACC400F670FA /* kick.ogg */,
				755FC0842645ACC400F670FA /* brick_smash.ogg */,
			);
			path = Sound;
			sourceTree = "<group>";
		};
		758154EB2642D16A0062AE00 = {
			isa = PBXGroup;
			children = (
				755FC05A2645ACC400F670FA /* assets */,
				758154F62642D16B0062AE00 /* src */,
				758154F52642D16B0062AE00 /* Products */,
				758154FE2642D1FB0062AE00 /* Frameworks */,
			);
			sourceTree = "<group>";
		};
		758154F52642D16B0062AE00 /* Products */ = {
			isa = PBXGroup;
			children = (
				758154F42642D16B0062AE00 /* Mario */,
			);
			name = Products;
			sourceTree = "<group>";
		};
		758154F62642D16B0062AE00 /* src */ = {
			isa = PBXGroup;
			children = (
				758154F72642D16B0062AE00 /* MarioApp.cpp */,
				758155072642D9AC0062AE00 /* MarioLayer.cpp */,
				758155082642D9AC0062AE00 /* MarioLayer.h */,
				755FC0572645A36100F670FA /* Background.cpp */,
				755FC0582645A36100F670FA /* Background.h */,
			);
			path = src;
			sourceTree = "<group>";
		};
		758154FE2642D1FB0062AE00 /* Frameworks */ = {
			isa = PBXGroup;
			children = (
				758155052642D20C0062AE00 /* OpenGL.framework */,
				758155032642D2070062AE00 /* IOKit.framework */,
				758155012642D1FF0062AE00 /* Cocoa.framework */,
				758154FF2642D1FB0062AE00 /* libiKan.a */,
			);
			name = Frameworks;
			sourceTree = "<group>";
		};
/* End PBXGroup section */

/* Begin PBXNativeTarget section */
		758154F32642D16B0062AE00 /* Mario */ = {
			isa = PBXNativeTarget;
			buildConfigurationList = 758154FB2642D16B0062AE00 /* Build configuration list for PBXNativeTarget "Mario" */;
			buildPhases = (
				758154F02642D16B0062AE00 /* Sources */,
				758154F12642D16B0062AE00 /* Frameworks */,
				758154F22642D16B0062AE00 /* CopyFiles */,
			);
			buildRules = (
			);
			dependencies = (
			);
			name = Mario;
			productName = Mario;
			productReference = 758154F42642D16B0062AE00 /* Mario */;
			productType = "com.apple.product-type.tool";
		};
/* End PBXNativeTarget section */

/* Begin PBXProject section */
		758154EC2642D16A0062AE00 /* Project object */ = {
			isa = PBXProject;
			attributes = {
				DefaultBuildSystemTypeForWorkspace = Original;
				LastUpgradeCheck = 1240;
				ORGANIZATIONNAME = Ashish;
				TargetAttributes = {
					758154F32642D16B0062AE00 = {
						CreatedOnToolsVersion = 11.0;
					};
				};
			};
			buildConfigurationList = 758154EF2642D16A0062AE00 /* Build configuration list for PBXProject "Mario" */;
			compatibilityVersion = "Xcode 9.3";
			developmentRegion = en;
			hasScannedForEncodings = 0;
			knownRegions = (
				en,
				Base,
			);
			mainGroup = 758154EB2642D16A0062AE00;
			productRefGroup = 758154F52642D16B0062AE00 /* Products */;
			projectDirPath = "";
			projectRoot = "";
			targets = (
				758154F32642D16B0062AE00 /* Mario */,
			);
		};
/* End PBXProject section */

/* Begin PBXSourcesBuildPhase section */
		758154F02642D16B0062AE00 /* Sources */ = {
			isa = PBXSourcesBuildPhase;
			buildActionMask = 2147483647;
			files = (
				755FC0592645A36100F670FA /* Background.cpp in Sources */,
				758155092642D9AC0062AE00 /* MarioLayer.cpp in Sources */,
				758154F82642D16B0062AE00 /* MarioApp.cpp in Sources */,
			);
			runOnlyForDeploymentPostprocessing = 0;
		};
/* End PBXSourcesBuildPhase section */

/* Begin XCBuildConfiguration section */
		758154F92642D16B0062AE00 /* Debug */ = {
			isa = XCBuildConfiguration;
			buildSettings = {
				ALWAYS_SEARCH_USER_PATHS = NO;
				CLANG_ANALYZER_NONNULL = YES;
				CLANG_ANALYZER_NUMBER_OBJECT_CONVERSION = YES_AGGRESSIVE;
				CLANG_CXX_LANGUAGE_STANDARD = "gnu++14";
				CLANG_CXX_LIBRARY = "libc++";
				CLANG_ENABLE_MODULES = YES;
				CLANG_ENABLE_OBJC_ARC = YES;
				CLANG_ENABLE_OBJC_WEAK = YES;
				CLANG_WARN_BLOCK_CAPTURE_AUTORELEASING = YES;
				CLANG_WARN_BOOL_CONVERSION = YES;
				CLANG_WARN_COMMA = YES;
				CLANG_WARN_CONSTANT_CONVERSION = YES;
				CLANG_WARN_DEPRECATED_OBJC_IMPLEMENTATIONS = YES;
				CLANG_WARN_DIRECT_OBJC_ISA_USAGE = YES_ERROR;
				CLANG_WARN_DOCUMENTATION_COMMENTS = YES;
				CLANG_WARN_EMPTY_BODY = YES;
				CLANG_WARN_ENUM_CONVERSION = YES;
				CLANG_WARN_INFINITE_RECURSION = YES;
				CLANG_WARN_INT_CONVERSION = YES;
				CLANG_WARN_NON_LITERAL_NULL_CONVERSION = YES;
				CLANG_WARN_OBJC_IMPLICIT_RETAIN_SELF = YES;
				CLANG_WARN_OBJC_LITERAL_CONVERSION = YES;
				CLANG_WARN_OBJC_ROOT_CLASS = YES_ERROR;
				CLANG_WARN_QUOTED_INCLUDE_IN_FRAMEWORK_HEADER = YES;
				CLANG_WARN_RANGE_LOOP_ANALYSIS = YES;
				CLANG_WARN_STRICT_PROTOTYPES = YES;
				CLANG_WARN_SUSPICIOUS_MOVE = YES;
				CLANG_WARN_UNGUARDED_AVAILABILITY = YES_AGGRESSIVE;
				CLANG_WARN_UNREACHABLE_CODE = YES;
				CLANG_WARN__DUPLICATE_METHOD_MATCH = YES;
				COPY_PHASE_STRIP = NO;
				DEBUG_INFORMATION_FORMAT = dwarf;
				ENABLE_STRICT_OBJC_MSGSEND = YES;
				ENABLE_TESTABILITY = YES;
				GCC_C_LANGUAGE_STANDARD = gnu11;
				GCC_DYNAMIC_NO_PIC = NO;
				GCC_NO_COMMON_BLOCKS = YES;
				GCC_OPTIMIZATION_LEVEL = 0;
				GCC_PREPROCESSOR_DEFINITIONS = (
					"DEBUG=1",
					"$(inherited)",
				);
				GCC_WARN_64_TO_32_BIT_CONVERSION = YES;
				GCC_WARN_ABOUT_RETURN_TYPE = YES_ERROR;
				GCC_WARN_UNDECLARED_SELECTOR = YES;
				GCC_WARN_UNINITIALIZED_AUTOS = YES_AGGRESSIVE;
				GCC_WARN_UNUSED_FUNCTION = YES;
				GCC_WARN_UNUSED_VARIABLE = YES;
				MACOSX_DEPLOYMENT_TARGET = 10.15;
				MTL_ENABLE_DEBUG_INFO = INCLUDE_SOURCE;
				MTL_FAST_MATH = YES;
				ONLY_ACTIVE_ARCH = YES;
				SDKROOT = macosx;
			};
			name = Debug;
		};
		758154FA2642D16B0062AE00 /* Release */ = {
			isa = XCBuildConfiguration;
			buildSettings = {
				ALWAYS_SEARCH_USER_PATHS = NO;
				CLANG_ANALYZER_NONNULL = YES;
				CLANG_ANALYZER_NUMBER_OBJECT_CONVERSION = YES_AGGRESSIVE;
				CLANG_CXX_LANGUAGE_STANDARD = "gnu++14";
				CLANG_CXX_LIBRARY = "libc++";
				CLANG_ENABLE_MODULES = YES;
				CLANG_ENABLE_OBJC_ARC = YES;
				CLANG_ENABLE_OBJC_WEAK = YES;
				CLANG_WARN_BLOCK_CAPTURE_AUTORELEASING = YES;
				CLANG_WARN_BOOL_CONVERSION = YES;
				CLANG_WARN_COMMA = YES;
				CLANG_WARN_CONSTANT_CONVERSION = YES;
				CLANG_WARN_DEPRECATED_OBJC_IMPLEMENTATIONS = YES;
				CLANG_WARN_DIRECT_OBJC_ISA_USAGE = YES_ERROR;
				CLANG_WARN_DOCUMENTATION_COMMENTS = YES;
				CLANG_WARN_EMPTY_BODY = YES;
				CLANG_WARN_ENUM_CONVERSION = YES;
				CLANG_WARN_INFINITE_RECURSION = YES;
				CLANG_WARN_INT_CONVERSION = YES;
				CLANG_WARN_NON_LITERAL_NULL_CONVERSION = YES;
				CLANG_WARN_OBJC_IMPLICIT_RETAIN_SELF = YES;
				CLANG_WARN_OBJC_LITERAL_CONVERSION = YES;
				CLANG_WARN_OBJC_ROOT_CLASS = YES_ERROR;
				CLANG_WARN_QUOTED_INCLUDE_IN_FRAMEWORK_HEADER = YES;
				CLANG_WARN_RANGE_LOOP_ANALYSIS = YES;
				CLANG_WARN_STRICT_PROTOTYPES = YES;
				CLANG_WARN_SUSPICIOUS_MOVE = YES;
				CLANG_WARN_UNGUARDED_AVAILABILITY = YES_AGGRESSIVE;
				CLANG_WARN_UNREACHABLE_CODE = YES;
				CLANG_WARN__DUPLICATE_METHOD_MATCH = YES;
				COPY_PHASE_STRIP = NO;
				DEBUG_INFORMATION_FORMAT = "dwarf-with-dsym";
				ENABLE_NS_ASSERTIONS = NO;
				ENABLE_STRICT_OBJC_MSGSEND = YES;
				GCC_C_LANGUAGE_STANDARD = gnu11;
				GCC_NO_COMMON_BLOCKS = YES;
				GCC_WARN_64_TO_32_BIT_CONVERSION = YES;
				GCC_WARN_ABOUT_RETURN_TYPE = YES_ERROR;
				GCC_WARN_UNDECLARED_SELECTOR = YES;
				GCC_WARN_UNINITIALIZED_AUTOS = YES_AGGRESSIVE;
				GCC_WARN_UNUSED_FUNCTION = YES;
				GCC_WARN_UNUSED_VARIABLE = YES;
				MACOSX_DEPLOYMENT_TARGET = 10.15;
				MTL_ENABLE_DEBUG_INFO = NO;
				MTL_FAST_MATH = YES;
				SDKROOT = macosx;
			};
			name = Release;
		};
		758154FC2642D16B0062AE00 /* Debug */ = {
			isa = XCBuildConfiguration;
			buildSettings = {
				CLANG_CXX_LANGUAGE_STANDARD = "c++17";
				CODE_SIGN_IDENTITY = "-";
				CODE_SIGN_STYLE = Automatic;
				DEVELOPMENT_TEAM = 78KTXZ99TW;
				ENABLE_HARDENED_RUNTIME = YES;
				GCC_PRECOMPILE_PREFIX_HEADER = YES;
				GCC_PREFIX_HEADER = "${PROJECT_DIR}/../iKan/src/PrefixHeader.pch";
				GCC_PREPROCESSOR_DEFINITIONS = (
					"DEBUG=1",
					"$(inherited)",
					IK_ENABLE_LOG,
					IK_ENABLE_ASSERT,
					IK_PLATFORM_MAC,
				);
				HEADER_SEARCH_PATHS = (
					"${PROJECT_DIR}/../iKan/vendor/spdlog/include",
					"${PROJECT_DIR}/../iKan/src",
					"${PROJECT_DIR}/../iKan/vendor/Imgui/Imgui",
					"${PROJECT_DIR}/../iKan/vendor/glm",
					"${PROJECT_DIR}/../iKan/vendor/EnTT/include",
				);
				MACOSX_DEPLOYMENT_TARGET = 10.15;
				PRODUCT_NAME = "$(TARGET_NAME)";
			};
			name = Debug;
		};
		758154FD2642D16B0062AE00 /* Release */ = {
			isa = XCBuildConfiguration;
			buildSettings = {
				CLANG_CXX_LANGUAGE_STANDARD = "c++17";
				CODE_SIGN_IDENTITY = "-";
				CODE_SIGN_STYLE = Automatic;
				DEVELOPMENT_TEAM = 78KTXZ99TW;
				ENABLE_HARDENED_RUNTIME = YES;
				GCC_PRECOMPILE_PREFIX_HEADER = YES;
				GCC_PREFIX_HEADER = "${PROJECT_DIR}/../iKan/src/PrefixHeader.pch";
				HEADER_SEARCH_PATHS = (
					"${PROJECT_DIR}/../iKan/vendor/spdlog/include",
					"${PROJECT_DIR}/../iKan/src",
					"${PROJECT_DIR}/../iKan/vendor/Imgui/Imgui",
					"${PROJECT_DIR}/../iKan/vendor/glm",
					"${PROJECT_DIR}/../iKan/vendor/EnTT/include",
				);
				MACOSX_DEPLOYMENT_TARGET = 10.15;
				PRODUCT_NAME = "$(TARGET_NAME)";
			};
			name = Release;
		};
/* End XCBuildConfiguration section */

/* Begin XCConfigurationList section */
		758154EF2642D16A0062AE00 /* Build configuration list for PBXProject "Mario" */ = {
			isa = XCConfigurationList;
			buildConfigurations = (
				758154F92642D16B0062AE00 /* Debug */,
				758154FA2642D16B0062AE00 /* Release */,
			);
			defaultConfigurationIsVisible = 0;
			defaultConfigurationName = Release;
		};
		758154FB2642D16B0062AE00 /* Build configuration list for PBXNativeTarget "Mario" */ = {
			isa = XCConfigurationList;
			buildConfigurations = (
				758154FC2642D16B0062AE00 /* Debug */,
				758154FD2642D16B0062AE00 /* Release */,
			);
			defaultConfigurationIsVisible = 0;
			defaultConfigurationName = Release;
		};
/* End XCConfigurationList section */
	};
	rootObject = 758154EC2642D16A0062AE00 /* Project object */;
}
